{
  "originHash" : "fae43b4f33fda401763cc68c8af875fa5b5cdb778b558e23be1c4b595ae3f7a6",
  "pins" : [
    {
      "identity" : "alamofire",
      "kind" : "remoteSourceControl",
      "location" : "https://github.com/Alamofire/Alamofire.git",
      "state" : {
        "revision" : "513364f870f6bfc468f9d2ff0a95caccc10044c5",
        "version" : "5.10.2"
      }
    },
    {
      "identity" : "navigationbackport",
      "kind" : "remoteSourceControl",
      "location" : "https://github.com/johnpatrickmorgan/NavigationBackport",
      "state" : {
        "revision" : "5a966a6010dcc6575a1931ca577b8ab19008166d",
        "version" : "0.11.3"
      }
    }
  ],
  "version" : 3
}
