// !$*UTF8*$!
{
	archiveVersion = 1;
	classes = {
	};
	objectVersion = 77;
	objects = {

/* Begin PBXBuildFile section */
		CE416A642DF221B8001364C5 /* View+ext.swift in Sources */ = {isa = PBXBuildFile; fileRef = CE416A632DF221B8001364C5 /* View+ext.swift */; };
		CE416A672DF224BE001364C5 /* OnboardingPageModel.swift in Sources */ = {isa = PBXBuildFile; fileRef = CE416A662DF224BE001364C5 /* OnboardingPageModel.swift */; };
		CE416A6A2DF22C2B001364C5 /* OnboardingViewModel.swift in Sources */ = {isa = PBXBuildFile; fileRef = CE416A692DF22C2B001364C5 /* OnboardingViewModel.swift */; };
		CE416A6D2DF230BF001364C5 /* Font+ext.swift in Sources */ = {isa = PBXBuildFile; fileRef = CE416A6C2DF230BF001364C5 /* Font+ext.swift */; };
		CE416A702DF2313E001364C5 /* Onest-SemiBold.ttf in Resources */ = {isa = PBXBuildFile; fileRef = CE416A6F2DF2313E001364C5 /* Onest-SemiBold.ttf */; };
		CE416A722DF2314B001364C5 /* Onest-Regular.ttf in Resources */ = {isa = PBXBuildFile; fileRef = CE416A712DF2314B001364C5 /* Onest-Regular.ttf */; };
		CEBA3F4E2DF1A6350021D1E5 /* NavigationBackport in Frameworks */ = {isa = PBXBuildFile; productRef = CEBA3F4D2DF1A6350021D1E5 /* NavigationBackport */; };
		CEBA3F522DF1A6F10021D1E5 /* AppRouterModel.swift in Sources */ = {isa = PBXBuildFile; fileRef = CEBA3F512DF1A6F10021D1E5 /* AppRouterModel.swift */; };
		CEBA3F562DF1A77C0021D1E5 /* RootView.swift in Sources */ = {isa = PBXBuildFile; fileRef = CEBA3F552DF1A77C0021D1E5 /* RootView.swift */; };
		CEBA3F592DF1A7B10021D1E5 /* StartScreen.swift in Sources */ = {isa = PBXBuildFile; fileRef = CEBA3F582DF1A7B10021D1E5 /* StartScreen.swift */; };
		CEBA3F5C2DF1A7EE0021D1E5 /* RootViewModel.swift in Sources */ = {isa = PBXBuildFile; fileRef = CEBA3F5B2DF1A7EE0021D1E5 /* RootViewModel.swift */; };
		CEBA3F622DF1A88A0021D1E5 /* RootViewModelTest.swift in Sources */ = {isa = PBXBuildFile; fileRef = CEBA3F612DF1A88A0021D1E5 /* RootViewModelTest.swift */; };
		CEBA3F642DF1AB4D0021D1E5 /* Launch Screen.storyboard in Resources */ = {isa = PBXBuildFile; fileRef = CEBA3F632DF1AB4D0021D1E5 /* Launch Screen.storyboard */; };
		CEBA3F672DF1B0780021D1E5 /* LaunchView.swift in Sources */ = {isa = PBXBuildFile; fileRef = CEBA3F662DF1B0780021D1E5 /* LaunchView.swift */; };
		CEBA3F6B2DF1BC460021D1E5 /* OnboardingView.swift in Sources */ = {isa = PBXBuildFile; fileRef = CEBA3F6A2DF1BC460021D1E5 /* OnboardingView.swift */; };
		CEBA3F6E2DF1BCB20021D1E5 /* PaywallView.swift in Sources */ = {isa = PBXBuildFile; fileRef = CEBA3F6D2DF1BCB20021D1E5 /* PaywallView.swift */; };
		CEBA3F732DF1C0F50021D1E5 /* MainTabBarView.swift in Sources */ = {isa = PBXBuildFile; fileRef = CEBA3F722DF1C0F50021D1E5 /* MainTabBarView.swift */; };
		CEBA3F762DF1C95D0021D1E5 /* BackgroundColor.swift in Sources */ = {isa = PBXBuildFile; fileRef = CEBA3F752DF1C95D0021D1E5 /* BackgroundColor.swift */; };
		CEBA3F792DF1CCBE0021D1E5 /* MainViewModel.swift in Sources */ = {isa = PBXBuildFile; fileRef = CEBA3F782DF1CCBE0021D1E5 /* MainViewModel.swift */; };
		CEBA3F7C2DF1CE020021D1E5 /* TabModel.swift in Sources */ = {isa = PBXBuildFile; fileRef = CEBA3F7B2DF1CE020021D1E5 /* TabModel.swift */; };
		CEBA3F822DF1CF3F0021D1E5 /* SettingsView.swift in Sources */ = {isa = PBXBuildFile; fileRef = CEBA3F812DF1CF3F0021D1E5 /* SettingsView.swift */; };
		CEBA3F842DF1CF4E0021D1E5 /* CameraView.swift in Sources */ = {isa = PBXBuildFile; fileRef = CEBA3F832DF1CF4E0021D1E5 /* CameraView.swift */; };
		CEBA3F862DF1CF630021D1E5 /* MyGardenView.swift in Sources */ = {isa = PBXBuildFile; fileRef = CEBA3F852DF1CF630021D1E5 /* MyGardenView.swift */; };
		CEBA3F892DF1DC010021D1E5 /* Logger.swift in Sources */ = {isa = PBXBuildFile; fileRef = CEBA3F882DF1DC010021D1E5 /* Logger.swift */; };
		CEBA3F8D2DF1DEC70021D1E5 /* PlantsView.swift in Sources */ = {isa = PBXBuildFile; fileRef = CEBA3F8C2DF1DEC70021D1E5 /* PlantsView.swift */; };
		CEBA3F8F2DF1DED60021D1E5 /* HistoryView.swift in Sources */ = {isa = PBXBuildFile; fileRef = CEBA3F8E2DF1DED60021D1E5 /* HistoryView.swift */; };
		CEC480F72DF0DCCD007F88A4 /* MyGardenAppApp.swift in Sources */ = {isa = PBXBuildFile; fileRef = CEC480F42DF0DCCD007F88A4 /* MyGardenAppApp.swift */; };
		CEC480F82DF0DCCD007F88A4 /* Assets.xcassets in Resources */ = {isa = PBXBuildFile; fileRef = CEC480F22DF0DCCD007F88A4 /* Assets.xcassets */; };
		CEC480FB2DF0DD2A007F88A4 /* MyGardenAppTests.swift in Sources */ = {isa = PBXBuildFile; fileRef = CEC480F92DF0DD29007F88A4 /* MyGardenAppTests.swift */; };
		CEDC6BB52DF31F5B00770BBA /* ActionFooterView.swift in Sources */ = {isa = PBXBuildFile; fileRef = CEDC6BB42DF31F5B00770BBA /* ActionFooterView.swift */; };
		CEDC6BB82DF3239200770BBA /* OnboardingPageView.swift in Sources */ = {isa = PBXBuildFile; fileRef = CEDC6BB72DF3239200770BBA /* OnboardingPageView.swift */; };
		CEDC6BBB2DF3287C00770BBA /* UserDefaultsService.swift in Sources */ = {isa = PBXBuildFile; fileRef = CEDC6BBA2DF3287C00770BBA /* UserDefaultsService.swift */; };
		CEDC6BBE2DF35F0600770BBA /* PurchaseService.swift in Sources */ = {isa = PBXBuildFile; fileRef = CEDC6BBD2DF35F0600770BBA /* PurchaseService.swift */; };
		CEDC6BC02DF3634900770BBA /* MockPurchaseModel.swift in Sources */ = {isa = PBXBuildFile; fileRef = CEDC6BBF2DF3634900770BBA /* MockPurchaseModel.swift */; };
		CEDC6BC42DF3698000770BBA /* OnboardingViewModelTest.swift in Sources */ = {isa = PBXBuildFile; fileRef = CEDC6BC32DF3698000770BBA /* OnboardingViewModelTest.swift */; };
		CEDC6BC62DF378DE00770BBA /* MockPurchaseService.swift in Sources */ = {isa = PBXBuildFile; fileRef = CEDC6BC52DF378DE00770BBA /* MockPurchaseService.swift */; };
		CEDC6BC82DF37AA800770BBA /* ProgressButton.swift in Sources */ = {isa = PBXBuildFile; fileRef = CEDC6BC72DF37AA800770BBA /* ProgressButton.swift */; };
		CEDC6BCA2DF382A300770BBA /* AppInteractionService.swift in Sources */ = {isa = PBXBuildFile; fileRef = CEDC6BC92DF382A300770BBA /* AppInteractionService.swift */; };
/* End PBXBuildFile section */

/* Begin PBXContainerItemProxy section */
		CEC480D62DF0DCC5007F88A4 /* PBXContainerItemProxy */ = {
			isa = PBXContainerItemProxy;
			containerPortal = CEC480C02DF0DCC2007F88A4 /* Project object */;
			proxyType = 1;
			remoteGlobalIDString = CEC480C72DF0DCC2007F88A4;
			remoteInfo = MyGardenApp;
		};
/* End PBXContainerItemProxy section */

/* Begin PBXFileReference section */
		CE416A632DF221B8001364C5 /* View+ext.swift */ = {isa = PBXFileReference; lastKnownFileType = sourcecode.swift; path = "View+ext.swift"; sourceTree = "<group>"; };
		CE416A662DF224BE001364C5 /* OnboardingPageModel.swift */ = {isa = PBXFileReference; lastKnownFileType = sourcecode.swift; path = OnboardingPageModel.swift; sourceTree = "<group>"; };
		CE416A692DF22C2B001364C5 /* OnboardingViewModel.swift */ = {isa = PBXFileReference; lastKnownFileType = sourcecode.swift; path = OnboardingViewModel.swift; sourceTree = "<group>"; };
		CE416A6B2DF23047001364C5 /* Info.plist */ = {isa = PBXFileReference; lastKnownFileType = text.plist.xml; path = Info.plist; sourceTree = "<group>"; };
		CE416A6C2DF230BF001364C5 /* Font+ext.swift */ = {isa = PBXFileReference; lastKnownFileType = sourcecode.swift; path = "Font+ext.swift"; sourceTree = "<group>"; };
		CE416A6F2DF2313E001364C5 /* Onest-SemiBold.ttf */ = {isa = PBXFileReference; lastKnownFileType = file; path = "Onest-SemiBold.ttf"; sourceTree = "<group>"; };
		CE416A712DF2314B001364C5 /* Onest-Regular.ttf */ = {isa = PBXFileReference; lastKnownFileType = file; path = "Onest-Regular.ttf"; sourceTree = "<group>"; };
		CEBA3F512DF1A6F10021D1E5 /* AppRouterModel.swift */ = {isa = PBXFileReference; lastKnownFileType = sourcecode.swift; path = AppRouterModel.swift; sourceTree = "<group>"; };
		CEBA3F552DF1A77C0021D1E5 /* RootView.swift */ = {isa = PBXFileReference; lastKnownFileType = sourcecode.swift; path = RootView.swift; sourceTree = "<group>"; };
		CEBA3F582DF1A7B10021D1E5 /* StartScreen.swift */ = {isa = PBXFileReference; lastKnownFileType = sourcecode.swift; path = StartScreen.swift; sourceTree = "<group>"; };
		CEBA3F5B2DF1A7EE0021D1E5 /* RootViewModel.swift */ = {isa = PBXFileReference; lastKnownFileType = sourcecode.swift; path = RootViewModel.swift; sourceTree = "<group>"; };
		CEBA3F612DF1A88A0021D1E5 /* RootViewModelTest.swift */ = {isa = PBXFileReference; lastKnownFileType = sourcecode.swift; path = RootViewModelTest.swift; sourceTree = "<group>"; };
		CEBA3F632DF1AB4D0021D1E5 /* Launch Screen.storyboard */ = {isa = PBXFileReference; lastKnownFileType = file.storyboard; path = "Launch Screen.storyboard"; sourceTree = "<group>"; };
		CEBA3F662DF1B0780021D1E5 /* LaunchView.swift */ = {isa = PBXFileReference; lastKnownFileType = sourcecode.swift; path = LaunchView.swift; sourceTree = "<group>"; };
		CEBA3F6A2DF1BC460021D1E5 /* OnboardingView.swift */ = {isa = PBXFileReference; lastKnownFileType = sourcecode.swift; path = OnboardingView.swift; sourceTree = "<group>"; };
		CEBA3F6D2DF1BCB20021D1E5 /* PaywallView.swift */ = {isa = PBXFileReference; lastKnownFileType = sourcecode.swift; path = PaywallView.swift; sourceTree = "<group>"; };
		CEBA3F722DF1C0F50021D1E5 /* MainTabBarView.swift */ = {isa = PBXFileReference; lastKnownFileType = sourcecode.swift; path = MainTabBarView.swift; sourceTree = "<group>"; };
		CEBA3F752DF1C95D0021D1E5 /* BackgroundColor.swift */ = {isa = PBXFileReference; lastKnownFileType = sourcecode.swift; path = BackgroundColor.swift; sourceTree = "<group>"; };
		CEBA3F782DF1CCBE0021D1E5 /* MainViewModel.swift */ = {isa = PBXFileReference; lastKnownFileType = sourcecode.swift; path = MainViewModel.swift; sourceTree = "<group>"; };
		CEBA3F7B2DF1CE020021D1E5 /* TabModel.swift */ = {isa = PBXFileReference; lastKnownFileType = sourcecode.swift; path = TabModel.swift; sourceTree = "<group>"; };
		CEBA3F812DF1CF3F0021D1E5 /* SettingsView.swift */ = {isa = PBXFileReference; lastKnownFileType = sourcecode.swift; path = SettingsView.swift; sourceTree = "<group>"; };
		CEBA3F832DF1CF4E0021D1E5 /* CameraView.swift */ = {isa = PBXFileReference; lastKnownFileType = sourcecode.swift; path = CameraView.swift; sourceTree = "<group>"; };
		CEBA3F852DF1CF630021D1E5 /* MyGardenView.swift */ = {isa = PBXFileReference; lastKnownFileType = sourcecode.swift; path = MyGardenView.swift; sourceTree = "<group>"; };
		CEBA3F882DF1DC010021D1E5 /* Logger.swift */ = {isa = PBXFileReference; lastKnownFileType = sourcecode.swift; path = Logger.swift; sourceTree = "<group>"; };
		CEBA3F8C2DF1DEC70021D1E5 /* PlantsView.swift */ = {isa = PBXFileReference; lastKnownFileType = sourcecode.swift; path = PlantsView.swift; sourceTree = "<group>"; };
		CEBA3F8E2DF1DED60021D1E5 /* HistoryView.swift */ = {isa = PBXFileReference; lastKnownFileType = sourcecode.swift; path = HistoryView.swift; sourceTree = "<group>"; };
		CEC480C82DF0DCC2007F88A4 /* MyGardenApp.app */ = {isa = PBXFileReference; explicitFileType = wrapper.application; includeInIndex = 0; path = MyGardenApp.app; sourceTree = BUILT_PRODUCTS_DIR; };
		CEC480D52DF0DCC5007F88A4 /* MyGardenAppTests.xctest */ = {isa = PBXFileReference; explicitFileType = wrapper.cfbundle; includeInIndex = 0; path = MyGardenAppTests.xctest; sourceTree = BUILT_PRODUCTS_DIR; };
		CEC480F22DF0DCCD007F88A4 /* Assets.xcassets */ = {isa = PBXFileReference; lastKnownFileType = folder.assetcatalog; path = Assets.xcassets; sourceTree = "<group>"; };
		CEC480F42DF0DCCD007F88A4 /* MyGardenAppApp.swift */ = {isa = PBXFileReference; lastKnownFileType = sourcecode.swift; path = MyGardenAppApp.swift; sourceTree = "<group>"; };
		CEC480F92DF0DD29007F88A4 /* MyGardenAppTests.swift */ = {isa = PBXFileReference; lastKnownFileType = sourcecode.swift; path = MyGardenAppTests.swift; sourceTree = "<group>"; };
		CEDC6BB42DF31F5B00770BBA /* ActionFooterView.swift */ = {isa = PBXFileReference; lastKnownFileType = sourcecode.swift; path = ActionFooterView.swift; sourceTree = "<group>"; };
		CEDC6BB72DF3239200770BBA /* OnboardingPageView.swift */ = {isa = PBXFileReference; lastKnownFileType = sourcecode.swift; path = OnboardingPageView.swift; sourceTree = "<group>"; };
		CEDC6BBA2DF3287C00770BBA /* UserDefaultsService.swift */ = {isa = PBXFileReference; lastKnownFileType = sourcecode.swift; path = UserDefaultsService.swift; sourceTree = "<group>"; };
		CEDC6BBD2DF35F0600770BBA /* PurchaseService.swift */ = {isa = PBXFileReference; lastKnownFileType = sourcecode.swift; path = PurchaseService.swift; sourceTree = "<group>"; };
		CEDC6BBF2DF3634900770BBA /* MockPurchaseModel.swift */ = {isa = PBXFileReference; lastKnownFileType = sourcecode.swift; path = MockPurchaseModel.swift; sourceTree = "<group>"; };
		CEDC6BC32DF3698000770BBA /* OnboardingViewModelTest.swift */ = {isa = PBXFileReference; lastKnownFileType = sourcecode.swift; path = OnboardingViewModelTest.swift; sourceTree = "<group>"; };
		CEDC6BC52DF378DE00770BBA /* MockPurchaseService.swift */ = {isa = PBXFileReference; lastKnownFileType = sourcecode.swift; path = MockPurchaseService.swift; sourceTree = "<group>"; };
		CEDC6BC72DF37AA800770BBA /* ProgressButton.swift */ = {isa = PBXFileReference; lastKnownFileType = sourcecode.swift; path = ProgressButton.swift; sourceTree = "<group>"; };
		CEDC6BC92DF382A300770BBA /* AppInteractionService.swift */ = {isa = PBXFileReference; lastKnownFileType = sourcecode.swift; path = AppInteractionService.swift; sourceTree = "<group>"; };
/* End PBXFileReference section */

/* Begin PBXFrameworksBuildPhase section */
		CEC480C52DF0DCC2007F88A4 /* Frameworks */ = {
			isa = PBXFrameworksBuildPhase;
			buildActionMask = 2147483647;
			files = (
				CEBA3F4E2DF1A6350021D1E5 /* NavigationBackport in Frameworks */,
			);
			runOnlyForDeploymentPostprocessing = 0;
		};
		CEC480D22DF0DCC5007F88A4 /* Frameworks */ = {
			isa = PBXFrameworksBuildPhase;
			buildActionMask = 2147483647;
			files = (
			);
			runOnlyForDeploymentPostprocessing = 0;
		};
/* End PBXFrameworksBuildPhase section */

/* Begin PBXGroup section */
		CE416A612DF21DAE001364C5 /* Common */ = {
			isa = PBXGroup;
			children = (
				CEDC6BB42DF31F5B00770BBA /* ActionFooterView.swift */,
				CEDC6BC72DF37AA800770BBA /* ProgressButton.swift */,
			);
			path = Common;
			sourceTree = "<group>";
		};
		CE416A622DF22198001364C5 /* Extension */ = {
			isa = PBXGroup;
			children = (
				CE416A632DF221B8001364C5 /* View+ext.swift */,
				CE416A6C2DF230BF001364C5 /* Font+ext.swift */,
			);
			path = Extension;
			sourceTree = "<group>";
		};
		CE416A652DF224A4001364C5 /* Model */ = {
			isa = PBXGroup;
			children = (
				CE416A662DF224BE001364C5 /* OnboardingPageModel.swift */,
			);
			path = Model;
			sourceTree = "<group>";
		};
		CE416A682DF22C13001364C5 /* ViewModel */ = {
			isa = PBXGroup;
			children = (
				CE416A692DF22C2B001364C5 /* OnboardingViewModel.swift */,
			);
			path = ViewModel;
			sourceTree = "<group>";
		};
		CE416A6E2DF23128001364C5 /* Font */ = {
			isa = PBXGroup;
			children = (
				CE416A6F2DF2313E001364C5 /* Onest-SemiBold.ttf */,
				CE416A712DF2314B001364C5 /* Onest-Regular.ttf */,
			);
			path = Font;
			sourceTree = "<group>";
		};
		CEBA3F4F2DF1A6B30021D1E5 /* Screen */ = {
			isa = PBXGroup;
			children = (
				CE416A612DF21DAE001364C5 /* Common */,
				CEBA3F742DF1C8C20021D1E5 /* Modifier */,
				CEBA3F532DF1A7610021D1E5 /* Root */,
				CEBA3F702DF1C0D40021D1E5 /* Main */,
				CEBA3F652DF1B03F0021D1E5 /* Launch */,
				CEBA3F6C2DF1BCA00021D1E5 /* Paywall */,
				CEBA3F682DF1BC2C0021D1E5 /* Onboarding */,
			);
			path = Screen;
			sourceTree = "<group>";
		};
		CEBA3F502DF1A6CD0021D1E5 /* Model */ = {
			isa = PBXGroup;
			children = (
				CEBA3F512DF1A6F10021D1E5 /* AppRouterModel.swift */,
			);
			path = Model;
			sourceTree = "<group>";
		};
		CEBA3F532DF1A7610021D1E5 /* Root */ = {
			isa = PBXGroup;
			children = (
				CEBA3F5A2DF1A7D70021D1E5 /* ViewModel */,
				CEBA3F572DF1A78F0021D1E5 /* Model */,
				CEBA3F542DF1A76A0021D1E5 /* View */,
			);
			path = Root;
			sourceTree = "<group>";
		};
		CEBA3F542DF1A76A0021D1E5 /* View */ = {
			isa = PBXGroup;
			children = (
				CEBA3F552DF1A77C0021D1E5 /* RootView.swift */,
			);
			path = View;
			sourceTree = "<group>";
		};
		CEBA3F572DF1A78F0021D1E5 /* Model */ = {
			isa = PBXGroup;
			children = (
				CEBA3F582DF1A7B10021D1E5 /* StartScreen.swift */,
			);
			path = Model;
			sourceTree = "<group>";
		};
		CEBA3F5A2DF1A7D70021D1E5 /* ViewModel */ = {
			isa = PBXGroup;
			children = (
				CEBA3F5B2DF1A7EE0021D1E5 /* RootViewModel.swift */,
			);
			path = ViewModel;
			sourceTree = "<group>";
		};
		CEBA3F5D2DF1A84C0021D1E5 /* Screen */ = {
			isa = PBXGroup;
			children = (
				CEBA3F5E2DF1A8540021D1E5 /* Root */,
				CEDC6BC12DF3693D00770BBA /* Onboarding */,
			);
			path = Screen;
			sourceTree = "<group>";
		};
		CEBA3F5E2DF1A8540021D1E5 /* Root */ = {
			isa = PBXGroup;
			children = (
				CEBA3F602DF1A8680021D1E5 /* ViewModel */,
			);
			path = Root;
			sourceTree = "<group>";
		};
		CEBA3F5F2DF1A85F0021D1E5 /* Mock */ = {
			isa = PBXGroup;
			children = (
				CEDC6BC52DF378DE00770BBA /* MockPurchaseService.swift */,
			);
			path = Mock;
			sourceTree = "<group>";
		};
		CEBA3F602DF1A8680021D1E5 /* ViewModel */ = {
			isa = PBXGroup;
			children = (
				CEBA3F612DF1A88A0021D1E5 /* RootViewModelTest.swift */,
			);
			path = ViewModel;
			sourceTree = "<group>";
		};
		CEBA3F652DF1B03F0021D1E5 /* Launch */ = {
			isa = PBXGroup;
			children = (
				CEBA3F662DF1B0780021D1E5 /* LaunchView.swift */,
			);
			path = Launch;
			sourceTree = "<group>";
		};
		CEBA3F682DF1BC2C0021D1E5 /* Onboarding */ = {
			isa = PBXGroup;
			children = (
				CE416A682DF22C13001364C5 /* ViewModel */,
				CE416A652DF224A4001364C5 /* Model */,
				CEBA3F692DF1BC350021D1E5 /* View */,
			);
			path = Onboarding;
			sourceTree = "<group>";
		};
		CEBA3F692DF1BC350021D1E5 /* View */ = {
			isa = PBXGroup;
			children = (
				CEDC6BB62DF3236900770BBA /* Components */,
				CEBA3F6A2DF1BC460021D1E5 /* OnboardingView.swift */,
			);
			path = View;
			sourceTree = "<group>";
		};
		CEBA3F6C2DF1BCA00021D1E5 /* Paywall */ = {
			isa = PBXGroup;
			children = (
				CEBA3F6F2DF1BCC80021D1E5 /* View */,
			);
			path = Paywall;
			sourceTree = "<group>";
		};
		CEBA3F6F2DF1BCC80021D1E5 /* View */ = {
			isa = PBXGroup;
			children = (
				CEBA3F6D2DF1BCB20021D1E5 /* PaywallView.swift */,
			);
			path = View;
			sourceTree = "<group>";
		};
		CEBA3F702DF1C0D40021D1E5 /* Main */ = {
			isa = PBXGroup;
			children = (
				CEBA3F802DF1CEF40021D1E5 /* MainTabBar */,
				CEBA3F7F2DF1CE620021D1E5 /* Settings */,
				CEBA3F7E2DF1CE5B0021D1E5 /* Camera */,
				CEBA3F7D2DF1CE4E0021D1E5 /* MyGarden */,
			);
			path = Main;
			sourceTree = "<group>";
		};
		CEBA3F712DF1C0E00021D1E5 /* View */ = {
			isa = PBXGroup;
			children = (
				CEBA3F722DF1C0F50021D1E5 /* MainTabBarView.swift */,
			);
			path = View;
			sourceTree = "<group>";
		};
		CEBA3F742DF1C8C20021D1E5 /* Modifier */ = {
			isa = PBXGroup;
			children = (
				CEBA3F752DF1C95D0021D1E5 /* BackgroundColor.swift */,
			);
			path = Modifier;
			sourceTree = "<group>";
		};
		CEBA3F772DF1CCA70021D1E5 /* ViewModel */ = {
			isa = PBXGroup;
			children = (
				CEBA3F782DF1CCBE0021D1E5 /* MainViewModel.swift */,
			);
			path = ViewModel;
			sourceTree = "<group>";
		};
		CEBA3F7A2DF1CDEC0021D1E5 /* Model */ = {
			isa = PBXGroup;
			children = (
				CEBA3F7B2DF1CE020021D1E5 /* TabModel.swift */,
			);
			path = Model;
			sourceTree = "<group>";
		};
		CEBA3F7D2DF1CE4E0021D1E5 /* MyGarden */ = {
			isa = PBXGroup;
			children = (
				CEBA3F902DF1DF0D0021D1E5 /* MyGarden */,
				CEBA3F8A2DF1DEA10021D1E5 /* Plants */,
				CEBA3F8B2DF1DEAA0021D1E5 /* History */,
			);
			path = MyGarden;
			sourceTree = "<group>";
		};
		CEBA3F7E2DF1CE5B0021D1E5 /* Camera */ = {
			isa = PBXGroup;
			children = (
				CEBA3F832DF1CF4E0021D1E5 /* CameraView.swift */,
			);
			path = Camera;
			sourceTree = "<group>";
		};
		CEBA3F7F2DF1CE620021D1E5 /* Settings */ = {
			isa = PBXGroup;
			children = (
				CEBA3F812DF1CF3F0021D1E5 /* SettingsView.swift */,
			);
			path = Settings;
			sourceTree = "<group>";
		};
		CEBA3F802DF1CEF40021D1E5 /* MainTabBar */ = {
			isa = PBXGroup;
			children = (
				CEBA3F7A2DF1CDEC0021D1E5 /* Model */,
				CEBA3F772DF1CCA70021D1E5 /* ViewModel */,
				CEBA3F712DF1C0E00021D1E5 /* View */,
			);
			path = MainTabBar;
			sourceTree = "<group>";
		};
		CEBA3F872DF1DBEA0021D1E5 /* Helper */ = {
			isa = PBXGroup;
			children = (
				CEBA3F882DF1DC010021D1E5 /* Logger.swift */,
			);
			path = Helper;
			sourceTree = "<group>";
		};
		CEBA3F8A2DF1DEA10021D1E5 /* Plants */ = {
			isa = PBXGroup;
			children = (
				CEBA3F8C2DF1DEC70021D1E5 /* PlantsView.swift */,
			);
			path = Plants;
			sourceTree = "<group>";
		};
		CEBA3F8B2DF1DEAA0021D1E5 /* History */ = {
			isa = PBXGroup;
			children = (
				CEBA3F8E2DF1DED60021D1E5 /* HistoryView.swift */,
			);
			path = History;
			sourceTree = "<group>";
		};
		CEBA3F902DF1DF0D0021D1E5 /* MyGarden */ = {
			isa = PBXGroup;
			children = (
				CEBA3F852DF1CF630021D1E5 /* MyGardenView.swift */,
			);
			path = MyGarden;
			sourceTree = "<group>";
		};
		CEC480BF2DF0DCC2007F88A4 = {
			isa = PBXGroup;
			children = (
				CEC480F52DF0DCCD007F88A4 /* MyGardenApp */,
				CEC480FA2DF0DD29007F88A4 /* MyGardenAppTests */,
				CEC480C92DF0DCC2007F88A4 /* Products */,
			);
			sourceTree = "<group>";
		};
		CEC480C92DF0DCC2007F88A4 /* Products */ = {
			isa = PBXGroup;
			children = (
				CEC480C82DF0DCC2007F88A4 /* MyGardenApp.app */,
				CEC480D52DF0DCC5007F88A4 /* MyGardenAppTests.xctest */,
			);
			name = Products;
			sourceTree = "<group>";
		};
		CEC480F52DF0DCCD007F88A4 /* MyGardenApp */ = {
			isa = PBXGroup;
			children = (
				CEC480F42DF0DCCD007F88A4 /* MyGardenAppApp.swift */,
				CEDC6BB92DF3285C00770BBA /* Service */,
				CEBA3F872DF1DBEA0021D1E5 /* Helper */,
				CE416A622DF22198001364C5 /* Extension */,
				CEBA3F502DF1A6CD0021D1E5 /* Model */,
				CEBA3F4F2DF1A6B30021D1E5 /* Screen */,
				CE416A6E2DF23128001364C5 /* Font */,
				CEBA3F632DF1AB4D0021D1E5 /* Launch Screen.storyboard */,
				CE416A6B2DF23047001364C5 /* Info.plist */,
				CEC480F22DF0DCCD007F88A4 /* Assets.xcassets */,
			);
			path = MyGardenApp;
			sourceTree = "<group>";
		};
		CEC480FA2DF0DD29007F88A4 /* MyGardenAppTests */ = {
			isa = PBXGroup;
			children = (
				CEBA3F5F2DF1A85F0021D1E5 /* Mock */,
				CEC480F92DF0DD29007F88A4 /* MyGardenAppTests.swift */,
				CEBA3F5D2DF1A84C0021D1E5 /* Screen */,
			);
			path = MyGardenAppTests;
			sourceTree = "<group>";
		};
		CEDC6BB62DF3236900770BBA /* Components */ = {
			isa = PBXGroup;
			children = (
				CEDC6BB72DF3239200770BBA /* OnboardingPageView.swift */,
			);
			path = Components;
			sourceTree = "<group>";
		};
		CEDC6BB92DF3285C00770BBA /* Service */ = {
			isa = PBXGroup;
			children = (
				CEDC6BBC2DF35EC900770BBA /* PurchaseService */,
				CEDC6BBA2DF3287C00770BBA /* UserDefaultsService.swift */,
				CEDC6BC92DF382A300770BBA /* AppInteractionService.swift */,
			);
			path = Service;
			sourceTree = "<group>";
		};
		CEDC6BBC2DF35EC900770BBA /* PurchaseService */ = {
			isa = PBXGroup;
			children = (
				CEDC6BBD2DF35F0600770BBA /* PurchaseService.swift */,
				CEDC6BBF2DF3634900770BBA /* MockPurchaseModel.swift */,
			);
			path = PurchaseService;
			sourceTree = "<group>";
		};
		CEDC6BC12DF3693D00770BBA /* Onboarding */ = {
			isa = PBXGroup;
			children = (
				CEDC6BC22DF3694C00770BBA /* ViewModel */,
			);
			path = Onboarding;
			sourceTree = "<group>";
		};
		CEDC6BC22DF3694C00770BBA /* ViewModel */ = {
			isa = PBXGroup;
			children = (
				CEDC6BC32DF3698000770BBA /* OnboardingViewModelTest.swift */,
			);
			path = ViewModel;
			sourceTree = "<group>";
		};
/* End PBXGroup section */

/* Begin PBXNativeTarget section */
		CEC480C72DF0DCC2007F88A4 /* MyGardenApp */ = {
			isa = PBXNativeTarget;
			buildConfigurationList = CEC480E92DF0DCC5007F88A4 /* Build configuration list for PBXNativeTarget "MyGardenApp" */;
			buildPhases = (
				CEC480C42DF0DCC2007F88A4 /* Sources */,
				CEC480C52DF0DCC2007F88A4 /* Frameworks */,
				CEC480C62DF0DCC2007F88A4 /* Resources */,
			);
			buildRules = (
			);
			dependencies = (
			);
			name = MyGardenApp;
			packageProductDependencies = (
				CEBA3F4D2DF1A6350021D1E5 /* NavigationBackport */,
			);
			productName = MyGardenApp;
			productReference = CEC480C82DF0DCC2007F88A4 /* MyGardenApp.app */;
			productType = "com.apple.product-type.application";
		};
		CEC480D42DF0DCC5007F88A4 /* MyGardenAppTests */ = {
			isa = PBXNativeTarget;
			buildConfigurationList = CEC480EC2DF0DCC5007F88A4 /* Build configuration list for PBXNativeTarget "MyGardenAppTests" */;
			buildPhases = (
				CEC480D12DF0DCC5007F88A4 /* Sources */,
				CEC480D22DF0DCC5007F88A4 /* Frameworks */,
				CEC480D32DF0DCC5007F88A4 /* Resources */,
			);
			buildRules = (
			);
			dependencies = (
				CEC480D72DF0DCC5007F88A4 /* PBXTargetDependency */,
			);
			name = MyGardenAppTests;
			packageProductDependencies = (
			);
			productName = MyGardenAppTests;
			productReference = CEC480D52DF0DCC5007F88A4 /* MyGardenAppTests.xctest */;
			productType = "com.apple.product-type.bundle.unit-test";
		};
/* End PBXNativeTarget section */

/* Begin PBXProject section */
		CEC480C02DF0DCC2007F88A4 /* Project object */ = {
			isa = PBXProject;
			attributes = {
				BuildIndependentTargetsInParallel = 1;
				LastSwiftUpdateCheck = 1630;
				LastUpgradeCheck = 1630;
				TargetAttributes = {
					CEC480C72DF0DCC2007F88A4 = {
						CreatedOnToolsVersion = 16.3;
					};
					CEC480D42DF0DCC5007F88A4 = {
						CreatedOnToolsVersion = 16.3;
						TestTargetID = CEC480C72DF0DCC2007F88A4;
					};
				};
			};
			buildConfigurationList = CEC480C32DF0DCC2007F88A4 /* Build configuration list for PBXProject "MyGardenApp" */;
			developmentRegion = en;
			hasScannedForEncodings = 0;
			knownRegions = (
				en,
				Base,
			);
			mainGroup = CEC480BF2DF0DCC2007F88A4;
			minimizedProjectReferenceProxies = 1;
			packageReferences = (
				CEBA3F4C2DF1A6350021D1E5 /* XCRemoteSwiftPackageReference "NavigationBackport" */,
			);
			preferredProjectObjectVersion = 77;
			productRefGroup = CEC480C92DF0DCC2007F88A4 /* Products */;
			projectDirPath = "";
			projectRoot = "";
			targets = (
				CEC480C72DF0DCC2007F88A4 /* MyGardenApp */,
				CEC480D42DF0DCC5007F88A4 /* MyGardenAppTests */,
			);
		};
/* End PBXProject section */

/* Begin PBXResourcesBuildPhase section */
		CEC480C62DF0DCC2007F88A4 /* Resources */ = {
			isa = PBXResourcesBuildPhase;
			buildActionMask = 2147483647;
			files = (
				CEBA3F642DF1AB4D0021D1E5 /* Launch Screen.storyboard in Resources */,
				CE416A722DF2314B001364C5 /* Onest-Regular.ttf in Resources */,
				CEC480F82DF0DCCD007F88A4 /* Assets.xcassets in Resources */,
				CE416A702DF2313E001364C5 /* Onest-SemiBold.ttf in Resources */,
			);
			runOnlyForDeploymentPostprocessing = 0;
		};
		CEC480D32DF0DCC5007F88A4 /* Resources */ = {
			isa = PBXResourcesBuildPhase;
			buildActionMask = 2147483647;
			files = (
			);
			runOnlyForDeploymentPostprocessing = 0;
		};
/* End PBXResourcesBuildPhase section */

/* Begin PBXSourcesBuildPhase section */
		CEC480C42DF0DCC2007F88A4 /* Sources */ = {
			isa = PBXSourcesBuildPhase;
			buildActionMask = 2147483647;
			files = (
				CEBA3F562DF1A77C0021D1E5 /* RootView.swift in Sources */,
				CEDC6BCA2DF382A300770BBA /* AppInteractionService.swift in Sources */,
				CEDC6BC02DF3634900770BBA /* MockPurchaseModel.swift in Sources */,
				CEBA3F842DF1CF4E0021D1E5 /* CameraView.swift in Sources */,
				CEBA3F732DF1C0F50021D1E5 /* MainTabBarView.swift in Sources */,
				CEBA3F6E2DF1BCB20021D1E5 /* PaywallView.swift in Sources */,
				CEBA3F672DF1B0780021D1E5 /* LaunchView.swift in Sources */,
				CE416A672DF224BE001364C5 /* OnboardingPageModel.swift in Sources */,
				CEDC6BB82DF3239200770BBA /* OnboardingPageView.swift in Sources */,
				CEDC6BC82DF37AA800770BBA /* ProgressButton.swift in Sources */,
				CEDC6BBB2DF3287C00770BBA /* UserDefaultsService.swift in Sources */,
				CEBA3F592DF1A7B10021D1E5 /* StartScreen.swift in Sources */,
				CEDC6BB52DF31F5B00770BBA /* ActionFooterView.swift in Sources */,
				CEBA3F522DF1A6F10021D1E5 /* AppRouterModel.swift in Sources */,
				CEBA3F8F2DF1DED60021D1E5 /* HistoryView.swift in Sources */,
				CEBA3F892DF1DC010021D1E5 /* Logger.swift in Sources */,
				CEBA3F5C2DF1A7EE0021D1E5 /* RootViewModel.swift in Sources */,
				CEBA3F762DF1C95D0021D1E5 /* BackgroundColor.swift in Sources */,
				CEC480F72DF0DCCD007F88A4 /* MyGardenAppApp.swift in Sources */,
				CE416A642DF221B8001364C5 /* View+ext.swift in Sources */,
				CEBA3F7C2DF1CE020021D1E5 /* TabModel.swift in Sources */,
				CEBA3F862DF1CF630021D1E5 /* MyGardenView.swift in Sources */,
				CE416A6D2DF230BF001364C5 /* Font+ext.swift in Sources */,
				CEBA3F6B2DF1BC460021D1E5 /* OnboardingView.swift in Sources */,
				CEBA3F792DF1CCBE0021D1E5 /* MainViewModel.swift in Sources */,
				CEDC6BBE2DF35F0600770BBA /* PurchaseService.swift in Sources */,
				CEBA3F822DF1CF3F0021D1E5 /* SettingsView.swift in Sources */,
				CE416A6A2DF22C2B001364C5 /* OnboardingViewModel.swift in Sources */,
				CEBA3F8D2DF1DEC70021D1E5 /* PlantsView.swift in Sources */,
			);
			runOnlyForDeploymentPostprocessing = 0;
		};
		CEC480D12DF0DCC5007F88A4 /* Sources */ = {
			isa = PBXSourcesBuildPhase;
			buildActionMask = 2147483647;
			files = (
				CEDC6BC42DF3698000770BBA /* OnboardingViewModelTest.swift in Sources */,
				CEBA3F622DF1A88A0021D1E5 /* RootViewModelTest.swift in Sources */,
				CEDC6BC62DF378DE00770BBA /* MockPurchaseService.swift in Sources */,
				CEC480FB2DF0DD2A007F88A4 /* MyGardenAppTests.swift in Sources */,
			);
			runOnlyForDeploymentPostprocessing = 0;
		};
/* End PBXSourcesBuildPhase section */

/* Begin PBXTargetDependency section */
		CEC480D72DF0DCC5007F88A4 /* PBXTargetDependency */ = {
			isa = PBXTargetDependency;
			target = CEC480C72DF0DCC2007F88A4 /* MyGardenApp */;
			targetProxy = CEC480D62DF0DCC5007F88A4 /* PBXContainerItemProxy */;
		};
/* End PBXTargetDependency section */

/* Begin XCBuildConfiguration section */
		CEC480E72DF0DCC5007F88A4 /* Debug */ = {
			isa = XCBuildConfiguration;
			buildSettings = {
				ALWAYS_SEARCH_USER_PATHS = NO;
				ASSETCATALOG_COMPILER_GENERATE_SWIFT_ASSET_SYMBOL_EXTENSIONS = YES;
				CLANG_ANALYZER_NONNULL = YES;
				CLANG_ANALYZER_NUMBER_OBJECT_CONVERSION = YES_AGGRESSIVE;
				CLANG_CXX_LANGUAGE_STANDARD = "gnu++20";
				CLANG_ENABLE_MODULES = YES;
				CLANG_ENABLE_OBJC_ARC = YES;
				CLANG_ENABLE_OBJC_WEAK = YES;
				CLANG_WARN_BLOCK_CAPTURE_AUTORELEASING = YES;
				CLANG_WARN_BOOL_CONVERSION = YES;
				CLANG_WARN_COMMA = YES;
				CLANG_WARN_CONSTANT_CONVERSION = YES;
				CLANG_WARN_DEPRECATED_OBJC_IMPLEMENTATIONS = YES;
				CLANG_WARN_DIRECT_OBJC_ISA_USAGE = YES_ERROR;
				CLANG_WARN_DOCUMENTATION_COMMENTS = YES;
				CLANG_WARN_EMPTY_BODY = YES;
				CLANG_WARN_ENUM_CONVERSION = YES;
				CLANG_WARN_INFINITE_RECURSION = YES;
				CLANG_WARN_INT_CONVERSION = YES;
				CLANG_WARN_NON_LITERAL_NULL_CONVERSION = YES;
				CLANG_WARN_OBJC_IMPLICIT_RETAIN_SELF = YES;
				CLANG_WARN_OBJC_LITERAL_CONVERSION = YES;
				CLANG_WARN_OBJC_ROOT_CLASS = YES_ERROR;
				CLANG_WARN_QUOTED_INCLUDE_IN_FRAMEWORK_HEADER = YES;
				CLANG_WARN_RANGE_LOOP_ANALYSIS = YES;
				CLANG_WARN_STRICT_PROTOTYPES = YES;
				CLANG_WARN_SUSPICIOUS_MOVE = YES;
				CLANG_WARN_UNGUARDED_AVAILABILITY = YES_AGGRESSIVE;
				CLANG_WARN_UNREACHABLE_CODE = YES;
				CLANG_WARN__DUPLICATE_METHOD_MATCH = YES;
				COPY_PHASE_STRIP = NO;
				DEBUG_INFORMATION_FORMAT = dwarf;
				DEVELOPMENT_TEAM = Q5L7D25SC3;
				ENABLE_STRICT_OBJC_MSGSEND = YES;
				ENABLE_TESTABILITY = YES;
				ENABLE_USER_SCRIPT_SANDBOXING = YES;
				GCC_C_LANGUAGE_STANDARD = gnu17;
				GCC_DYNAMIC_NO_PIC = NO;
				GCC_NO_COMMON_BLOCKS = YES;
				GCC_OPTIMIZATION_LEVEL = 0;
				GCC_PREPROCESSOR_DEFINITIONS = (
					"DEBUG=1",
					"$(inherited)",
				);
				GCC_WARN_64_TO_32_BIT_CONVERSION = YES;
				GCC_WARN_ABOUT_RETURN_TYPE = YES_ERROR;
				GCC_WARN_UNDECLARED_SELECTOR = YES;
				GCC_WARN_UNINITIALIZED_AUTOS = YES_AGGRESSIVE;
				GCC_WARN_UNUSED_FUNCTION = YES;
				GCC_WARN_UNUSED_VARIABLE = YES;
				IPHONEOS_DEPLOYMENT_TARGET = 18.4;
				LOCALIZATION_PREFERS_STRING_CATALOGS = YES;
				MTL_ENABLE_DEBUG_INFO = INCLUDE_SOURCE;
				MTL_FAST_MATH = YES;
				ONLY_ACTIVE_ARCH = YES;
				SDKROOT = iphoneos;
				SWIFT_ACTIVE_COMPILATION_CONDITIONS = "DEBUG $(inherited)";
				SWIFT_OPTIMIZATION_LEVEL = "-Onone";
			};
			name = Debug;
		};
		CEC480E82DF0DCC5007F88A4 /* Release */ = {
			isa = XCBuildConfiguration;
			buildSettings = {
				ALWAYS_SEARCH_USER_PATHS = NO;
				ASSETCATALOG_COMPILER_GENERATE_SWIFT_ASSET_SYMBOL_EXTENSIONS = YES;
				CLANG_ANALYZER_NONNULL = YES;
				CLANG_ANALYZER_NUMBER_OBJECT_CONVERSION = YES_AGGRESSIVE;
				CLANG_CXX_LANGUAGE_STANDARD = "gnu++20";
				CLANG_ENABLE_MODULES = YES;
				CLANG_ENABLE_OBJC_ARC = YES;
				CLANG_ENABLE_OBJC_WEAK = YES;
				CLANG_WARN_BLOCK_CAPTURE_AUTORELEASING = YES;
				CLANG_WARN_BOOL_CONVERSION = YES;
				CLANG_WARN_COMMA = YES;
				CLANG_WARN_CONSTANT_CONVERSION = YES;
				CLANG_WARN_DEPRECATED_OBJC_IMPLEMENTATIONS = YES;
				CLANG_WARN_DIRECT_OBJC_ISA_USAGE = YES_ERROR;
				CLANG_WARN_DOCUMENTATION_COMMENTS = YES;
				CLANG_WARN_EMPTY_BODY = YES;
				CLANG_WARN_ENUM_CONVERSION = YES;
				CLANG_WARN_INFINITE_RECURSION = YES;
				CLANG_WARN_INT_CONVERSION = YES;
				CLANG_WARN_NON_LITERAL_NULL_CONVERSION = YES;
				CLANG_WARN_OBJC_IMPLICIT_RETAIN_SELF = YES;
				CLANG_WARN_OBJC_LITERAL_CONVERSION = YES;
				CLANG_WARN_OBJC_ROOT_CLASS = YES_ERROR;
				CLANG_WARN_QUOTED_INCLUDE_IN_FRAMEWORK_HEADER = YES;
				CLANG_WARN_RANGE_LOOP_ANALYSIS = YES;
				CLANG_WARN_STRICT_PROTOTYPES = YES;
				CLANG_WARN_SUSPICIOUS_MOVE = YES;
				CLANG_WARN_UNGUARDED_AVAILABILITY = YES_AGGRESSIVE;
				CLANG_WARN_UNREACHABLE_CODE = YES;
				CLANG_WARN__DUPLICATE_METHOD_MATCH = YES;
				COPY_PHASE_STRIP = NO;
				DEBUG_INFORMATION_FORMAT = "dwarf-with-dsym";
				DEVELOPMENT_TEAM = Q5L7D25SC3;
				ENABLE_NS_ASSERTIONS = NO;
				ENABLE_STRICT_OBJC_MSGSEND = YES;
				ENABLE_USER_SCRIPT_SANDBOXING = YES;
				GCC_C_LANGUAGE_STANDARD = gnu17;
				GCC_NO_COMMON_BLOCKS = YES;
				GCC_WARN_64_TO_32_BIT_CONVERSION = YES;
				GCC_WARN_ABOUT_RETURN_TYPE = YES_ERROR;
				GCC_WARN_UNDECLARED_SELECTOR = YES;
				GCC_WARN_UNINITIALIZED_AUTOS = YES_AGGRESSIVE;
				GCC_WARN_UNUSED_FUNCTION = YES;
				GCC_WARN_UNUSED_VARIABLE = YES;
				IPHONEOS_DEPLOYMENT_TARGET = 18.4;
				LOCALIZATION_PREFERS_STRING_CATALOGS = YES;
				MTL_ENABLE_DEBUG_INFO = NO;
				MTL_FAST_MATH = YES;
				SDKROOT = iphoneos;
				SWIFT_COMPILATION_MODE = wholemodule;
				VALIDATE_PRODUCT = YES;
			};
			name = Release;
		};
		CEC480EA2DF0DCC5007F88A4 /* Debug */ = {
			isa = XCBuildConfiguration;
			buildSettings = {
				ASSETCATALOG_COMPILER_APPICON_NAME = AppIcon;
				ASSETCATALOG_COMPILER_GLOBAL_ACCENT_COLOR_NAME = AccentColor;
				CODE_SIGN_STYLE = Automatic;
				CURRENT_PROJECT_VERSION = 1;
				DEVELOPMENT_TEAM = Q5L7D25SC3;
				ENABLE_PREVIEWS = YES;
				GENERATE_INFOPLIST_FILE = YES;
				INFOPLIST_FILE = MyGardenApp/Info.plist;
				INFOPLIST_KEY_UIApplicationSceneManifest_Generation = YES;
				INFOPLIST_KEY_UIApplicationSupportsIndirectInputEvents = YES;
				INFOPLIST_KEY_UILaunchScreen_Generation = YES;
				INFOPLIST_KEY_UILaunchStoryboardName = "Launch Screen";
				INFOPLIST_KEY_UISupportedInterfaceOrientations = UIInterfaceOrientationPortrait;
				INFOPLIST_KEY_UISupportedInterfaceOrientations_iPad = "UIInterfaceOrientationLandscapeLeft UIInterfaceOrientationLandscapeRight UIInterfaceOrientationPortrait UIInterfaceOrientationPortraitUpsideDown";
				IPHONEOS_DEPLOYMENT_TARGET = 15.0;
				LD_RUNPATH_SEARCH_PATHS = (
					"$(inherited)",
					"@executable_path/Frameworks",
				);
				MARKETING_VERSION = 1.0;
				PRODUCT_BUNDLE_IDENTIFIER = com.pavel.MyGardenApp;
				PRODUCT_NAME = "$(TARGET_NAME)";
				SUPPORTED_PLATFORMS = "iphoneos iphonesimulator";
				SUPPORTS_MACCATALYST = NO;
				SUPPORTS_MAC_DESIGNED_FOR_IPHONE_IPAD = NO;
				SUPPORTS_XR_DESIGNED_FOR_IPHONE_IPAD = NO;
				SWIFT_EMIT_LOC_STRINGS = YES;
				SWIFT_VERSION = 5.0;
				TARGETED_DEVICE_FAMILY = 1;
			};
			name = Debug;
		};
		CEC480EB2DF0DCC5007F88A4 /* Release */ = {
			isa = XCBuildConfiguration;
			buildSettings = {
				ASSETCATALOG_COMPILER_APPICON_NAME = AppIcon;
				ASSETCATALOG_COMPILER_GLOBAL_ACCENT_COLOR_NAME = AccentColor;
				CODE_SIGN_STYLE = Automatic;
				CURRENT_PROJECT_VERSION = 1;
				DEVELOPMENT_TEAM = Q5L7D25SC3;
				ENABLE_PREVIEWS = YES;
				GENERATE_INFOPLIST_FILE = YES;
				INFOPLIST_FILE = MyGardenApp/Info.plist;
				INFOPLIST_KEY_UIApplicationSceneManifest_Generation = YES;
				INFOPLIST_KEY_UIApplicationSupportsIndirectInputEvents = YES;
				INFOPLIST_KEY_UILaunchScreen_Generation = YES;
				INFOPLIST_KEY_UILaunchStoryboardName = "Launch Screen";
				INFOPLIST_KEY_UISupportedInterfaceOrientations = UIInterfaceOrientationPortrait;
				INFOPLIST_KEY_UISupportedInterfaceOrientations_iPad = "UIInterfaceOrientationLandscapeLeft UIInterfaceOrientationLandscapeRight UIInterfaceOrientationPortrait UIInterfaceOrientationPortraitUpsideDown";
				IPHONEOS_DEPLOYMENT_TARGET = 15.0;
				LD_RUNPATH_SEARCH_PATHS = (
					"$(inherited)",
					"@executable_path/Frameworks",
				);
				MARKETING_VERSION = 1.0;
				PRODUCT_BUNDLE_IDENTIFIER = com.pavel.MyGardenApp;
				PRODUCT_NAME = "$(TARGET_NAME)";
				SUPPORTED_PLATFORMS = "iphoneos iphonesimulator";
				SUPPORTS_MACCATALYST = NO;
				SUPPORTS_MAC_DESIGNED_FOR_IPHONE_IPAD = NO;
				SUPPORTS_XR_DESIGNED_FOR_IPHONE_IPAD = NO;
				SWIFT_EMIT_LOC_STRINGS = YES;
				SWIFT_VERSION = 5.0;
				TARGETED_DEVICE_FAMILY = 1;
			};
			name = Release;
		};
		CEC480ED2DF0DCC5007F88A4 /* Debug */ = {
			isa = XCBuildConfiguration;
			buildSettings = {
				BUNDLE_LOADER = "$(TEST_HOST)";
				CODE_SIGN_STYLE = Automatic;
				CURRENT_PROJECT_VERSION = 1;
				DEVELOPMENT_TEAM = Q5L7D25SC3;
				GENERATE_INFOPLIST_FILE = YES;
				IPHONEOS_DEPLOYMENT_TARGET = 15.0;
				MARKETING_VERSION = 1.0;
				PRODUCT_BUNDLE_IDENTIFIER = com.pavel.MyGardenAppTests;
				PRODUCT_NAME = "$(TARGET_NAME)";
				SWIFT_EMIT_LOC_STRINGS = NO;
				SWIFT_VERSION = 5.0;
				TARGETED_DEVICE_FAMILY = "1,2";
				TEST_HOST = "$(BUILT_PRODUCTS_DIR)/MyGardenApp.app/$(BUNDLE_EXECUTABLE_FOLDER_PATH)/MyGardenApp";
			};
			name = Debug;
		};
		CEC480EE2DF0DCC5007F88A4 /* Release */ = {
			isa = XCBuildConfiguration;
			buildSettings = {
				BUNDLE_LOADER = "$(TEST_HOST)";
				CODE_SIGN_STYLE = Automatic;
				CURRENT_PROJECT_VERSION = 1;
				DEVELOPMENT_TEAM = Q5L7D25SC3;
				GENERATE_INFOPLIST_FILE = YES;
				IPHONEOS_DEPLOYMENT_TARGET = 15.0;
				MARKETING_VERSION = 1.0;
				PRODUCT_BUNDLE_IDENTIFIER = com.pavel.MyGardenAppTests;
				PRODUCT_NAME = "$(TARGET_NAME)";
				SWIFT_EMIT_LOC_STRINGS = NO;
				SWIFT_VERSION = 5.0;
				TARGETED_DEVICE_FAMILY = "1,2";
				TEST_HOST = "$(BUILT_PRODUCTS_DIR)/MyGardenApp.app/$(BUNDLE_EXECUTABLE_FOLDER_PATH)/MyGardenApp";
			};
			name = Release;
		};
/* End XCBuildConfiguration section */

/* Begin XCConfigurationList section */
		CEC480C32DF0DCC2007F88A4 /* Build configuration list for PBXProject "MyGardenApp" */ = {
			isa = XCConfigurationList;
			buildConfigurations = (
				CEC480E72DF0DCC5007F88A4 /* Debug */,
				CEC480E82DF0DCC5007F88A4 /* Release */,
			);
			defaultConfigurationIsVisible = 0;
			defaultConfigurationName = Release;
		};
		CEC480E92DF0DCC5007F88A4 /* Build configuration list for PBXNativeTarget "MyGardenApp" */ = {
			isa = XCConfigurationList;
			buildConfigurations = (
				CEC480EA2DF0DCC5007F88A4 /* Debug */,
				CEC480EB2DF0DCC5007F88A4 /* Release */,
			);
			defaultConfigurationIsVisible = 0;
			defaultConfigurationName = Release;
		};
		CEC480EC2DF0DCC5007F88A4 /* Build configuration list for PBXNativeTarget "MyGardenAppTests" */ = {
			isa = XCConfigurationList;
			buildConfigurations = (
				CEC480ED2DF0DCC5007F88A4 /* Debug */,
				CEC480EE2DF0DCC5007F88A4 /* Release */,
			);
			defaultConfigurationIsVisible = 0;
			defaultConfigurationName = Release;
		};
/* End XCConfigurationList section */

/* Begin XCRemoteSwiftPackageReference section */
		CEBA3F4C2DF1A6350021D1E5 /* XCRemoteSwiftPackageReference "NavigationBackport" */ = {
			isa = XCRemoteSwiftPackageReference;
			repositoryURL = "https://github.com/johnpatrickmorgan/NavigationBackport";
			requirement = {
				kind = upToNextMajorVersion;
				minimumVersion = 0.11.3;
			};
		};
/* End XCRemoteSwiftPackageReference section */

/* Begin XCSwiftPackageProductDependency section */
		CEBA3F4D2DF1A6350021D1E5 /* NavigationBackport */ = {
			isa = XCSwiftPackageProductDependency;
			package = CEBA3F4C2DF1A6350021D1E5 /* XCRemoteSwiftPackageReference "NavigationBackport" */;
			productName = NavigationBackport;
		};
/* End XCSwiftPackageProductDependency section */
	};
	rootObject = CEC480C02DF0DCC2007F88A4 /* Project object */;
}
