// !$*UTF8*$!
{
	archiveVersion = 1;
	classes = {
	};
	objectVersion = 77;
	objects = {

/* Begin PBXBuildFile section */
		CE416A642DF221B8001364C5 /* View+ext.swift in Sources */ = {isa = PBXBuildFile; fileRef = CE416A632DF221B8001364C5 /* View+ext.swift */; };
		CE416A672DF224BE001364C5 /* OnboardingPageModel.swift in Sources */ = {isa = PBXBuildFile; fileRef = CE416A662DF224BE001364C5 /* OnboardingPageModel.swift */; };
		CE416A6A2DF22C2B001364C5 /* OnboardingViewModel.swift in Sources */ = {isa = PBXBuildFile; fileRef = CE416A692DF22C2B001364C5 /* OnboardingViewModel.swift */; };
		CE416A6D2DF230BF001364C5 /* Font+ext.swift in Sources */ = {isa = PBXBuildFile; fileRef = CE416A6C2DF230BF001364C5 /* Font+ext.swift */; };
		CE416A702DF2313E001364C5 /* Onest-SemiBold.ttf in Resources */ = {isa = PBXBuildFile; fileRef = CE416A6F2DF2313E001364C5 /* Onest-SemiBold.ttf */; };
		CE416A722DF2314B001364C5 /* Onest-Regular.ttf in Resources */ = {isa = PBXBuildFile; fileRef = CE416A712DF2314B001364C5 /* Onest-Regular.ttf */; };
		CEBA3F4E2DF1A6350021D1E5 /* NavigationBackport in Frameworks */ = {isa = PBXBuildFile; productRef = CEBA3F4D2DF1A6350021D1E5 /* NavigationBackport */; };
		CEBA3F522DF1A6F10021D1E5 /* AppRouterModel.swift in Sources */ = {isa = PBXBuildFile; fileRef = CEBA3F512DF1A6F10021D1E5 /* AppRouterModel.swift */; };
		CEBA3F562DF1A77C0021D1E5 /* RootView.swift in Sources */ = {isa = PBXBuildFile; fileRef = CEBA3F552DF1A77C0021D1E5 /* RootView.swift */; };
		CEBA3F592DF1A7B10021D1E5 /* StartScreen.swift in Sources */ = {isa = PBXBuildFile; fileRef = CEBA3F582DF1A7B10021D1E5 /* StartScreen.swift */; };
		CEBA3F5C2DF1A7EE0021D1E5 /* RootViewModel.swift in Sources */ = {isa = PBXBuildFile; fileRef = CEBA3F5B2DF1A7EE0021D1E5 /* RootViewModel.swift */; };
		CEBA3F642DF1AB4D0021D1E5 /* Launch Screen.storyboard in Resources */ = {isa = PBXBuildFile; fileRef = CEBA3F632DF1AB4D0021D1E5 /* Launch Screen.storyboard */; };
		CEBA3F672DF1B0780021D1E5 /* LaunchView.swift in Sources */ = {isa = PBXBuildFile; fileRef = CEBA3F662DF1B0780021D1E5 /* LaunchView.swift */; };
		CEBA3F6B2DF1BC460021D1E5 /* OnboardingView.swift in Sources */ = {isa = PBXBuildFile; fileRef = CEBA3F6A2DF1BC460021D1E5 /* OnboardingView.swift */; };
		CEBA3F6E2DF1BCB20021D1E5 /* OnboardingPaywallView.swift in Sources */ = {isa = PBXBuildFile; fileRef = CEBA3F6D2DF1BCB20021D1E5 /* OnboardingPaywallView.swift */; };
		CEBA3F732DF1C0F50021D1E5 /* MainTabBarView.swift in Sources */ = {isa = PBXBuildFile; fileRef = CEBA3F722DF1C0F50021D1E5 /* MainTabBarView.swift */; };
		CEBA3F762DF1C95D0021D1E5 /* BackgroundColor.swift in Sources */ = {isa = PBXBuildFile; fileRef = CEBA3F752DF1C95D0021D1E5 /* BackgroundColor.swift */; };
		CEBA3F792DF1CCBE0021D1E5 /* MainViewModel.swift in Sources */ = {isa = PBXBuildFile; fileRef = CEBA3F782DF1CCBE0021D1E5 /* MainViewModel.swift */; };
		CEBA3F7C2DF1CE020021D1E5 /* TabModel.swift in Sources */ = {isa = PBXBuildFile; fileRef = CEBA3F7B2DF1CE020021D1E5 /* TabModel.swift */; };
		CEBA3F822DF1CF3F0021D1E5 /* SettingsView.swift in Sources */ = {isa = PBXBuildFile; fileRef = CEBA3F812DF1CF3F0021D1E5 /* SettingsView.swift */; };
		CEBA3F842DF1CF4E0021D1E5 /* CameraView.swift in Sources */ = {isa = PBXBuildFile; fileRef = CEBA3F832DF1CF4E0021D1E5 /* CameraView.swift */; };
		CEBA3F862DF1CF630021D1E5 /* MyGardenView.swift in Sources */ = {isa = PBXBuildFile; fileRef = CEBA3F852DF1CF630021D1E5 /* MyGardenView.swift */; };
		CEBA3F892DF1DC010021D1E5 /* Logger.swift in Sources */ = {isa = PBXBuildFile; fileRef = CEBA3F882DF1DC010021D1E5 /* Logger.swift */; };
		CEBA3F8D2DF1DEC70021D1E5 /* PlantsView.swift in Sources */ = {isa = PBXBuildFile; fileRef = CEBA3F8C2DF1DEC70021D1E5 /* PlantsView.swift */; };
		CEBA3F8F2DF1DED60021D1E5 /* HistoryView.swift in Sources */ = {isa = PBXBuildFile; fileRef = CEBA3F8E2DF1DED60021D1E5 /* HistoryView.swift */; };
		CEC480F72DF0DCCD007F88A4 /* MyGardenAppApp.swift in Sources */ = {isa = PBXBuildFile; fileRef = CEC480F42DF0DCCD007F88A4 /* MyGardenAppApp.swift */; };
		CEC480F82DF0DCCD007F88A4 /* Assets.xcassets in Resources */ = {isa = PBXBuildFile; fileRef = CEC480F22DF0DCCD007F88A4 /* Assets.xcassets */; };
		CEC5BAC82DF45A1D002B1D52 /* DismissButtonView.swift in Sources */ = {isa = PBXBuildFile; fileRef = CEC5BAC72DF45A1D002B1D52 /* DismissButtonView.swift */; };
		CEC5BACF2DF46677002B1D52 /* OverlayPaywallContentModel.swift in Sources */ = {isa = PBXBuildFile; fileRef = CEC5BACE2DF46677002B1D52 /* OverlayPaywallContentModel.swift */; };
		CEC5BAD12DF46748002B1D52 /* OverlayPaywallView.swift in Sources */ = {isa = PBXBuildFile; fileRef = CEC5BAD02DF46748002B1D52 /* OverlayPaywallView.swift */; };
		CEC5BAD32DF4675D002B1D52 /* OverlayPaywallViewModel.swift in Sources */ = {isa = PBXBuildFile; fileRef = CEC5BAD22DF4675D002B1D52 /* OverlayPaywallViewModel.swift */; };
		CEC5BAD52DF47041002B1D52 /* PaywallCoordinator.swift in Sources */ = {isa = PBXBuildFile; fileRef = CEC5BAD42DF47041002B1D52 /* PaywallCoordinator.swift */; };
		CEC5BAD82DF4BC19002B1D52 /* SettingsContentModel.swift in Sources */ = {isa = PBXBuildFile; fileRef = CEC5BAD72DF4BC19002B1D52 /* SettingsContentModel.swift */; };
		CEC5BADA2DF4BC44002B1D52 /* NavigationBarWithTitle.swift in Sources */ = {isa = PBXBuildFile; fileRef = CEC5BAD92DF4BC44002B1D52 /* NavigationBarWithTitle.swift */; };
		CEC5BADE2DF4BC7A002B1D52 /* SettingsViewModel.swift in Sources */ = {isa = PBXBuildFile; fileRef = CEC5BADD2DF4BC7A002B1D52 /* SettingsViewModel.swift */; };
		CEC5BAE02DF4C08E002B1D52 /* ActivityView.swift in Sources */ = {isa = PBXBuildFile; fileRef = CEC5BADF2DF4C08E002B1D52 /* ActivityView.swift */; };
		CEC5BAE22DF4CEF2002B1D52 /* SettingsAlert.swift in Sources */ = {isa = PBXBuildFile; fileRef = CEC5BAE12DF4CEF2002B1D52 /* SettingsAlert.swift */; };
		CEC5BAE42DF4CF96002B1D52 /* View+SettingsAlert.swift in Sources */ = {isa = PBXBuildFile; fileRef = CEC5BAE32DF4CF96002B1D52 /* View+SettingsAlert.swift */; };
		CEC5BAE72DF50ACF002B1D52 /* MyGardenViewModel.swift in Sources */ = {isa = PBXBuildFile; fileRef = CEC5BAE62DF50ACF002B1D52 /* MyGardenViewModel.swift */; };
		CEC5BAEB2DF50B0A002B1D52 /* MyGardenTab.swift in Sources */ = {isa = PBXBuildFile; fileRef = CEC5BAEA2DF50B0A002B1D52 /* MyGardenTab.swift */; };
		CEC5BAED2DF5BD54002B1D52 /* MyGardenEmptyView.swift in Sources */ = {isa = PBXBuildFile; fileRef = CEC5BAEC2DF5BD54002B1D52 /* MyGardenEmptyView.swift */; };
		CEC5BAF02DF5C375002B1D52 /* PlantsViewModel.swift in Sources */ = {isa = PBXBuildFile; fileRef = CEC5BAEF2DF5C375002B1D52 /* PlantsViewModel.swift */; };
		CEC5BAF52DF5C648002B1D52 /* HistoryViewModel.swift in Sources */ = {isa = PBXBuildFile; fileRef = CEC5BAF42DF5C648002B1D52 /* HistoryViewModel.swift */; };
		CEC5BAF72DF6242A002B1D52 /* CameraService.swift in Sources */ = {isa = PBXBuildFile; fileRef = CEC5BAF62DF6242A002B1D52 /* CameraService.swift */; };
		CEC5BAFA2DF62834002B1D52 /* CameraPreviewView.swift in Sources */ = {isa = PBXBuildFile; fileRef = CEC5BAF92DF62834002B1D52 /* CameraPreviewView.swift */; };
		CEC5BAFD2DF66259002B1D52 /* CameraViewModel.swift in Sources */ = {isa = PBXBuildFile; fileRef = CEC5BAFC2DF66259002B1D52 /* CameraViewModel.swift */; };
		CEC5BAFF2DF67606002B1D52 /* CameraCaptureView.swift in Sources */ = {isa = PBXBuildFile; fileRef = CEC5BAFE2DF67606002B1D52 /* CameraCaptureView.swift */; };
		CEC5BB012DF71F47002B1D52 /* CircleButton.swift in Sources */ = {isa = PBXBuildFile; fileRef = CEC5BB002DF71F47002B1D52 /* CircleButton.swift */; };
		CEC5BB032DF75393002B1D52 /* CommonButton.swift in Sources */ = {isa = PBXBuildFile; fileRef = CEC5BB022DF75393002B1D52 /* CommonButton.swift */; };
		CEC5BB052DF753EE002B1D52 /* CameraPhotoReviewView.swift in Sources */ = {isa = PBXBuildFile; fileRef = CEC5BB042DF753EE002B1D52 /* CameraPhotoReviewView.swift */; };
		CEC5BB0E2DF761B4002B1D52 /* IdentificationView.swift in Sources */ = {isa = PBXBuildFile; fileRef = CEC5BB0D2DF761B4002B1D52 /* IdentificationView.swift */; };
		CEC5BB102DF761C5002B1D52 /* plantsProgress.gif in Resources */ = {isa = PBXBuildFile; fileRef = CEC5BB0F2DF761C5002B1D52 /* plantsProgress.gif */; };
		CEC5BB122DF76853002B1D52 /* GifView.swift in Sources */ = {isa = PBXBuildFile; fileRef = CEC5BB112DF76853002B1D52 /* GifView.swift */; };
		CEC5BB142DF76D3F002B1D52 /* LoadingView.swift in Sources */ = {isa = PBXBuildFile; fileRef = CEC5BB132DF76D3F002B1D52 /* LoadingView.swift */; };
		CEC5BB172DF76E18002B1D52 /* NetworkService.swift in Sources */ = {isa = PBXBuildFile; fileRef = CEC5BB162DF76E18002B1D52 /* NetworkService.swift */; };
		CEC5BB1A2DF78412002B1D52 /* Alamofire in Frameworks */ = {isa = PBXBuildFile; productRef = CEC5BB192DF78412002B1D52 /* Alamofire */; };
		CEC5BB1C2DF78FDC002B1D52 /* String+ext.swift in Sources */ = {isa = PBXBuildFile; fileRef = CEC5BB1B2DF78FDC002B1D52 /* String+ext.swift */; };
		CEC5BB1E2DF7BF0C002B1D52 /* APIResponse.swift in Sources */ = {isa = PBXBuildFile; fileRef = CEC5BB1D2DF7BF0C002B1D52 /* APIResponse.swift */; };
		CEC5BB212DF84F4F002B1D52 /* IdentificationResult.swift in Sources */ = {isa = PBXBuildFile; fileRef = CEC5BB202DF84F4F002B1D52 /* IdentificationResult.swift */; };
		CEC5BB232DF84FD0002B1D52 /* HealthResult.swift in Sources */ = {isa = PBXBuildFile; fileRef = CEC5BB222DF84FD0002B1D52 /* HealthResult.swift */; };
		CEDC6BB52DF31F5B00770BBA /* ActionFooterView.swift in Sources */ = {isa = PBXBuildFile; fileRef = CEDC6BB42DF31F5B00770BBA /* ActionFooterView.swift */; };
		CEDC6BB82DF3239200770BBA /* OnboardingPageView.swift in Sources */ = {isa = PBXBuildFile; fileRef = CEDC6BB72DF3239200770BBA /* OnboardingPageView.swift */; };
		CEDC6BBB2DF3287C00770BBA /* UserDefaultsService.swift in Sources */ = {isa = PBXBuildFile; fileRef = CEDC6BBA2DF3287C00770BBA /* UserDefaultsService.swift */; };
		CEDC6BBE2DF35F0600770BBA /* PurchaseService.swift in Sources */ = {isa = PBXBuildFile; fileRef = CEDC6BBD2DF35F0600770BBA /* PurchaseService.swift */; };
		CEDC6BC02DF3634900770BBA /* MockPurchaseModel.swift in Sources */ = {isa = PBXBuildFile; fileRef = CEDC6BBF2DF3634900770BBA /* MockPurchaseModel.swift */; };
		CEDC6BC82DF37AA800770BBA /* ProgressButton.swift in Sources */ = {isa = PBXBuildFile; fileRef = CEDC6BC72DF37AA800770BBA /* ProgressButton.swift */; };
		CEDC6BCA2DF382A300770BBA /* AppInteractionService.swift in Sources */ = {isa = PBXBuildFile; fileRef = CEDC6BC92DF382A300770BBA /* AppInteractionService.swift */; };
		CEDC6BCC2DF39E5900770BBA /* AppError.swift in Sources */ = {isa = PBXBuildFile; fileRef = CEDC6BCB2DF39E5900770BBA /* AppError.swift */; };
		CEDC6BCE2DF39FA500770BBA /* View+ErrorAlert.swift in Sources */ = {isa = PBXBuildFile; fileRef = CEDC6BCD2DF39FA500770BBA /* View+ErrorAlert.swift */; };
		CEDC6BD12DF3BC1600770BBA /* OnboardingPaywallContentModel.swift in Sources */ = {isa = PBXBuildFile; fileRef = CEDC6BD02DF3BC1600770BBA /* OnboardingPaywallContentModel.swift */; };
		CEDC6BD42DF3C03F00770BBA /* OnboardingPaywallViewModel.swift in Sources */ = {isa = PBXBuildFile; fileRef = CEDC6BD32DF3C03F00770BBA /* OnboardingPaywallViewModel.swift */; };
/* End PBXBuildFile section */

/* Begin PBXFileReference section */
		CE416A632DF221B8001364C5 /* View+ext.swift */ = {isa = PBXFileReference; lastKnownFileType = sourcecode.swift; path = "View+ext.swift"; sourceTree = "<group>"; };
		CE416A662DF224BE001364C5 /* OnboardingPageModel.swift */ = {isa = PBXFileReference; lastKnownFileType = sourcecode.swift; path = OnboardingPageModel.swift; sourceTree = "<group>"; };
		CE416A692DF22C2B001364C5 /* OnboardingViewModel.swift */ = {isa = PBXFileReference; lastKnownFileType = sourcecode.swift; path = OnboardingViewModel.swift; sourceTree = "<group>"; };
		CE416A6B2DF23047001364C5 /* Info.plist */ = {isa = PBXFileReference; lastKnownFileType = text.plist.xml; path = Info.plist; sourceTree = "<group>"; };
		CE416A6C2DF230BF001364C5 /* Font+ext.swift */ = {isa = PBXFileReference; lastKnownFileType = sourcecode.swift; path = "Font+ext.swift"; sourceTree = "<group>"; };
		CE416A6F2DF2313E001364C5 /* Onest-SemiBold.ttf */ = {isa = PBXFileReference; lastKnownFileType = file; path = "Onest-SemiBold.ttf"; sourceTree = "<group>"; };
		CE416A712DF2314B001364C5 /* Onest-Regular.ttf */ = {isa = PBXFileReference; lastKnownFileType = file; path = "Onest-Regular.ttf"; sourceTree = "<group>"; };
		CEBA3F512DF1A6F10021D1E5 /* AppRouterModel.swift */ = {isa = PBXFileReference; lastKnownFileType = sourcecode.swift; path = AppRouterModel.swift; sourceTree = "<group>"; };
		CEBA3F552DF1A77C0021D1E5 /* RootView.swift */ = {isa = PBXFileReference; lastKnownFileType = sourcecode.swift; path = RootView.swift; sourceTree = "<group>"; };
		CEBA3F582DF1A7B10021D1E5 /* StartScreen.swift */ = {isa = PBXFileReference; lastKnownFileType = sourcecode.swift; path = StartScreen.swift; sourceTree = "<group>"; };
		CEBA3F5B2DF1A7EE0021D1E5 /* RootViewModel.swift */ = {isa = PBXFileReference; lastKnownFileType = sourcecode.swift; path = RootViewModel.swift; sourceTree = "<group>"; };
		CEBA3F632DF1AB4D0021D1E5 /* Launch Screen.storyboard */ = {isa = PBXFileReference; lastKnownFileType = file.storyboard; path = "Launch Screen.storyboard"; sourceTree = "<group>"; };
		CEBA3F662DF1B0780021D1E5 /* LaunchView.swift */ = {isa = PBXFileReference; lastKnownFileType = sourcecode.swift; path = LaunchView.swift; sourceTree = "<group>"; };
		CEBA3F6A2DF1BC460021D1E5 /* OnboardingView.swift */ = {isa = PBXFileReference; lastKnownFileType = sourcecode.swift; path = OnboardingView.swift; sourceTree = "<group>"; };
		CEBA3F6D2DF1BCB20021D1E5 /* OnboardingPaywallView.swift */ = {isa = PBXFileReference; lastKnownFileType = sourcecode.swift; path = OnboardingPaywallView.swift; sourceTree = "<group>"; };
		CEBA3F722DF1C0F50021D1E5 /* MainTabBarView.swift */ = {isa = PBXFileReference; lastKnownFileType = sourcecode.swift; path = MainTabBarView.swift; sourceTree = "<group>"; };
		CEBA3F752DF1C95D0021D1E5 /* BackgroundColor.swift */ = {isa = PBXFileReference; lastKnownFileType = sourcecode.swift; path = BackgroundColor.swift; sourceTree = "<group>"; };
		CEBA3F782DF1CCBE0021D1E5 /* MainViewModel.swift */ = {isa = PBXFileReference; lastKnownFileType = sourcecode.swift; path = MainViewModel.swift; sourceTree = "<group>"; };
		CEBA3F7B2DF1CE020021D1E5 /* TabModel.swift */ = {isa = PBXFileReference; lastKnownFileType = sourcecode.swift; path = TabModel.swift; sourceTree = "<group>"; };
		CEBA3F812DF1CF3F0021D1E5 /* SettingsView.swift */ = {isa = PBXFileReference; lastKnownFileType = sourcecode.swift; path = SettingsView.swift; sourceTree = "<group>"; };
		CEBA3F832DF1CF4E0021D1E5 /* CameraView.swift */ = {isa = PBXFileReference; lastKnownFileType = sourcecode.swift; path = CameraView.swift; sourceTree = "<group>"; };
		CEBA3F852DF1CF630021D1E5 /* MyGardenView.swift */ = {isa = PBXFileReference; lastKnownFileType = sourcecode.swift; path = MyGardenView.swift; sourceTree = "<group>"; };
		CEBA3F882DF1DC010021D1E5 /* Logger.swift */ = {isa = PBXFileReference; lastKnownFileType = sourcecode.swift; path = Logger.swift; sourceTree = "<group>"; };
		CEBA3F8C2DF1DEC70021D1E5 /* PlantsView.swift */ = {isa = PBXFileReference; lastKnownFileType = sourcecode.swift; path = PlantsView.swift; sourceTree = "<group>"; };
		CEBA3F8E2DF1DED60021D1E5 /* HistoryView.swift */ = {isa = PBXFileReference; lastKnownFileType = sourcecode.swift; path = HistoryView.swift; sourceTree = "<group>"; };
		CEC480C82DF0DCC2007F88A4 /* MyGardenApp.app */ = {isa = PBXFileReference; explicitFileType = wrapper.application; includeInIndex = 0; path = MyGardenApp.app; sourceTree = BUILT_PRODUCTS_DIR; };
		CEC480F22DF0DCCD007F88A4 /* Assets.xcassets */ = {isa = PBXFileReference; lastKnownFileType = folder.assetcatalog; path = Assets.xcassets; sourceTree = "<group>"; };
		CEC480F42DF0DCCD007F88A4 /* MyGardenAppApp.swift */ = {isa = PBXFileReference; lastKnownFileType = sourcecode.swift; path = MyGardenAppApp.swift; sourceTree = "<group>"; };
		CEC5BAC72DF45A1D002B1D52 /* DismissButtonView.swift */ = {isa = PBXFileReference; lastKnownFileType = sourcecode.swift; path = DismissButtonView.swift; sourceTree = "<group>"; };
		CEC5BACE2DF46677002B1D52 /* OverlayPaywallContentModel.swift */ = {isa = PBXFileReference; lastKnownFileType = sourcecode.swift; path = OverlayPaywallContentModel.swift; sourceTree = "<group>"; };
		CEC5BAD02DF46748002B1D52 /* OverlayPaywallView.swift */ = {isa = PBXFileReference; lastKnownFileType = sourcecode.swift; path = OverlayPaywallView.swift; sourceTree = "<group>"; };
		CEC5BAD22DF4675D002B1D52 /* OverlayPaywallViewModel.swift */ = {isa = PBXFileReference; lastKnownFileType = sourcecode.swift; path = OverlayPaywallViewModel.swift; sourceTree = "<group>"; };
		CEC5BAD42DF47041002B1D52 /* PaywallCoordinator.swift */ = {isa = PBXFileReference; lastKnownFileType = sourcecode.swift; path = PaywallCoordinator.swift; sourceTree = "<group>"; };
		CEC5BAD72DF4BC19002B1D52 /* SettingsContentModel.swift */ = {isa = PBXFileReference; lastKnownFileType = sourcecode.swift; path = SettingsContentModel.swift; sourceTree = "<group>"; };
		CEC5BAD92DF4BC44002B1D52 /* NavigationBarWithTitle.swift */ = {isa = PBXFileReference; lastKnownFileType = sourcecode.swift; path = NavigationBarWithTitle.swift; sourceTree = "<group>"; };
		CEC5BADD2DF4BC7A002B1D52 /* SettingsViewModel.swift */ = {isa = PBXFileReference; lastKnownFileType = sourcecode.swift; path = SettingsViewModel.swift; sourceTree = "<group>"; };
		CEC5BADF2DF4C08E002B1D52 /* ActivityView.swift */ = {isa = PBXFileReference; lastKnownFileType = sourcecode.swift; path = ActivityView.swift; sourceTree = "<group>"; };
		CEC5BAE12DF4CEF2002B1D52 /* SettingsAlert.swift */ = {isa = PBXFileReference; lastKnownFileType = sourcecode.swift; path = SettingsAlert.swift; sourceTree = "<group>"; };
		CEC5BAE32DF4CF96002B1D52 /* View+SettingsAlert.swift */ = {isa = PBXFileReference; lastKnownFileType = sourcecode.swift; path = "View+SettingsAlert.swift"; sourceTree = "<group>"; };
		CEC5BAE62DF50ACF002B1D52 /* MyGardenViewModel.swift */ = {isa = PBXFileReference; lastKnownFileType = sourcecode.swift; path = MyGardenViewModel.swift; sourceTree = "<group>"; };
		CEC5BAEA2DF50B0A002B1D52 /* MyGardenTab.swift */ = {isa = PBXFileReference; lastKnownFileType = sourcecode.swift; path = MyGardenTab.swift; sourceTree = "<group>"; };
		CEC5BAEC2DF5BD54002B1D52 /* MyGardenEmptyView.swift */ = {isa = PBXFileReference; lastKnownFileType = sourcecode.swift; path = MyGardenEmptyView.swift; sourceTree = "<group>"; };
		CEC5BAEF2DF5C375002B1D52 /* PlantsViewModel.swift */ = {isa = PBXFileReference; lastKnownFileType = sourcecode.swift; path = PlantsViewModel.swift; sourceTree = "<group>"; };
		CEC5BAF42DF5C648002B1D52 /* HistoryViewModel.swift */ = {isa = PBXFileReference; lastKnownFileType = sourcecode.swift; path = HistoryViewModel.swift; sourceTree = "<group>"; };
		CEC5BAF62DF6242A002B1D52 /* CameraService.swift */ = {isa = PBXFileReference; lastKnownFileType = sourcecode.swift; path = CameraService.swift; sourceTree = "<group>"; };
		CEC5BAF92DF62834002B1D52 /* CameraPreviewView.swift */ = {isa = PBXFileReference; lastKnownFileType = sourcecode.swift; path = CameraPreviewView.swift; sourceTree = "<group>"; };
		CEC5BAFC2DF66259002B1D52 /* CameraViewModel.swift */ = {isa = PBXFileReference; lastKnownFileType = sourcecode.swift; path = CameraViewModel.swift; sourceTree = "<group>"; };
		CEC5BAFE2DF67606002B1D52 /* CameraCaptureView.swift */ = {isa = PBXFileReference; lastKnownFileType = sourcecode.swift; path = CameraCaptureView.swift; sourceTree = "<group>"; };
		CEC5BB002DF71F47002B1D52 /* CircleButton.swift */ = {isa = PBXFileReference; lastKnownFileType = sourcecode.swift; path = CircleButton.swift; sourceTree = "<group>"; };
		CEC5BB022DF75393002B1D52 /* CommonButton.swift */ = {isa = PBXFileReference; lastKnownFileType = sourcecode.swift; path = CommonButton.swift; sourceTree = "<group>"; };
		CEC5BB042DF753EE002B1D52 /* CameraPhotoReviewView.swift */ = {isa = PBXFileReference; lastKnownFileType = sourcecode.swift; path = CameraPhotoReviewView.swift; sourceTree = "<group>"; };
		CEC5BB0D2DF761B4002B1D52 /* IdentificationView.swift */ = {isa = PBXFileReference; lastKnownFileType = sourcecode.swift; path = IdentificationView.swift; sourceTree = "<group>"; };
		CEC5BB0F2DF761C5002B1D52 /* plantsProgress.gif */ = {isa = PBXFileReference; lastKnownFileType = image.gif; path = plantsProgress.gif; sourceTree = "<group>"; };
		CEC5BB112DF76853002B1D52 /* GifView.swift */ = {isa = PBXFileReference; lastKnownFileType = sourcecode.swift; path = GifView.swift; sourceTree = "<group>"; };
		CEC5BB132DF76D3F002B1D52 /* LoadingView.swift */ = {isa = PBXFileReference; lastKnownFileType = sourcecode.swift; path = LoadingView.swift; sourceTree = "<group>"; };
		CEC5BB162DF76E18002B1D52 /* NetworkService.swift */ = {isa = PBXFileReference; lastKnownFileType = sourcecode.swift; path = NetworkService.swift; sourceTree = "<group>"; };
		CEC5BB1B2DF78FDC002B1D52 /* String+ext.swift */ = {isa = PBXFileReference; lastKnownFileType = sourcecode.swift; path = "String+ext.swift"; sourceTree = "<group>"; };
		CEC5BB1D2DF7BF0C002B1D52 /* APIResponse.swift */ = {isa = PBXFileReference; lastKnownFileType = sourcecode.swift; path = APIResponse.swift; sourceTree = "<group>"; };
		CEC5BB202DF84F4F002B1D52 /* IdentificationResult.swift */ = {isa = PBXFileReference; lastKnownFileType = sourcecode.swift; path = IdentificationResult.swift; sourceTree = "<group>"; };
		CEC5BB222DF84FD0002B1D52 /* HealthResult.swift */ = {isa = PBXFileReference; lastKnownFileType = sourcecode.swift; path = HealthResult.swift; sourceTree = "<group>"; };
		CEDC6BB42DF31F5B00770BBA /* ActionFooterView.swift */ = {isa = PBXFileReference; lastKnownFileType = sourcecode.swift; path = ActionFooterView.swift; sourceTree = "<group>"; };
		CEDC6BB72DF3239200770BBA /* OnboardingPageView.swift */ = {isa = PBXFileReference; lastKnownFileType = sourcecode.swift; path = OnboardingPageView.swift; sourceTree = "<group>"; };
		CEDC6BBA2DF3287C00770BBA /* UserDefaultsService.swift */ = {isa = PBXFileReference; lastKnownFileType = sourcecode.swift; path = UserDefaultsService.swift; sourceTree = "<group>"; };
		CEDC6BBD2DF35F0600770BBA /* PurchaseService.swift */ = {isa = PBXFileReference; lastKnownFileType = sourcecode.swift; path = PurchaseService.swift; sourceTree = "<group>"; };
		CEDC6BBF2DF3634900770BBA /* MockPurchaseModel.swift */ = {isa = PBXFileReference; lastKnownFileType = sourcecode.swift; path = MockPurchaseModel.swift; sourceTree = "<group>"; };
		CEDC6BC72DF37AA800770BBA /* ProgressButton.swift */ = {isa = PBXFileReference; lastKnownFileType = sourcecode.swift; path = ProgressButton.swift; sourceTree = "<group>"; };
		CEDC6BC92DF382A300770BBA /* AppInteractionService.swift */ = {isa = PBXFileReference; lastKnownFileType = sourcecode.swift; path = AppInteractionService.swift; sourceTree = "<group>"; };
		CEDC6BCB2DF39E5900770BBA /* AppError.swift */ = {isa = PBXFileReference; lastKnownFileType = sourcecode.swift; path = AppError.swift; sourceTree = "<group>"; };
		CEDC6BCD2DF39FA500770BBA /* View+ErrorAlert.swift */ = {isa = PBXFileReference; lastKnownFileType = sourcecode.swift; path = "View+ErrorAlert.swift"; sourceTree = "<group>"; };
		CEDC6BD02DF3BC1600770BBA /* OnboardingPaywallContentModel.swift */ = {isa = PBXFileReference; lastKnownFileType = sourcecode.swift; path = OnboardingPaywallContentModel.swift; sourceTree = "<group>"; };
		CEDC6BD32DF3C03F00770BBA /* OnboardingPaywallViewModel.swift */ = {isa = PBXFileReference; lastKnownFileType = sourcecode.swift; path = OnboardingPaywallViewModel.swift; sourceTree = "<group>"; };
/* End PBXFileReference section */

/* Begin PBXFrameworksBuildPhase section */
		CEC480C52DF0DCC2007F88A4 /* Frameworks */ = {
			isa = PBXFrameworksBuildPhase;
			buildActionMask = 2147483647;
			files = (
				CEBA3F4E2DF1A6350021D1E5 /* NavigationBackport in Frameworks */,
				CEC5BB1A2DF78412002B1D52 /* Alamofire in Frameworks */,
			);
			runOnlyForDeploymentPostprocessing = 0;
		};
/* End PBXFrameworksBuildPhase section */

/* Begin PBXGroup section */
		CE416A612DF21DAE001364C5 /* Common */ = {
			isa = PBXGroup;
			children = (
				CEDC6BB42DF31F5B00770BBA /* ActionFooterView.swift */,
				CEDC6BC72DF37AA800770BBA /* ProgressButton.swift */,
				CEC5BAC72DF45A1D002B1D52 /* DismissButtonView.swift */,
				CEC5BAD92DF4BC44002B1D52 /* NavigationBarWithTitle.swift */,
				CEC5BADF2DF4C08E002B1D52 /* ActivityView.swift */,
				CEC5BAEC2DF5BD54002B1D52 /* MyGardenEmptyView.swift */,
				CEC5BB002DF71F47002B1D52 /* CircleButton.swift */,
				CEC5BB022DF75393002B1D52 /* CommonButton.swift */,
				CEC5BB112DF76853002B1D52 /* GifView.swift */,
				CEC5BB132DF76D3F002B1D52 /* LoadingView.swift */,
			);
			path = Common;
			sourceTree = "<group>";
		};
		CE416A622DF22198001364C5 /* Extension */ = {
			isa = PBXGroup;
			children = (
				CE416A632DF221B8001364C5 /* View+ext.swift */,
				CE416A6C2DF230BF001364C5 /* Font+ext.swift */,
				CEDC6BCD2DF39FA500770BBA /* View+ErrorAlert.swift */,
				CEC5BAE32DF4CF96002B1D52 /* View+SettingsAlert.swift */,
				CEC5BB1B2DF78FDC002B1D52 /* String+ext.swift */,
			);
			path = Extension;
			sourceTree = "<group>";
		};
		CE416A652DF224A4001364C5 /* Model */ = {
			isa = PBXGroup;
			children = (
				CE416A662DF224BE001364C5 /* OnboardingPageModel.swift */,
			);
			path = Model;
			sourceTree = "<group>";
		};
		CE416A682DF22C13001364C5 /* ViewModel */ = {
			isa = PBXGroup;
			children = (
				CE416A692DF22C2B001364C5 /* OnboardingViewModel.swift */,
			);
			path = ViewModel;
			sourceTree = "<group>";
		};
		CE416A6E2DF23128001364C5 /* Font */ = {
			isa = PBXGroup;
			children = (
				CE416A6F2DF2313E001364C5 /* Onest-SemiBold.ttf */,
				CE416A712DF2314B001364C5 /* Onest-Regular.ttf */,
			);
			path = Font;
			sourceTree = "<group>";
		};
		CEBA3F4F2DF1A6B30021D1E5 /* Screen */ = {
			isa = PBXGroup;
			children = (
				CEC5BB0C2DF761A3002B1D52 /* Identification */,
				CEBA3F742DF1C8C20021D1E5 /* Modifier */,
				CE416A612DF21DAE001364C5 /* Common */,
				CEBA3F532DF1A7610021D1E5 /* Root */,
				CEBA3F652DF1B03F0021D1E5 /* Launch */,
				CEBA3F682DF1BC2C0021D1E5 /* Onboarding */,
				CEC5BACA2DF464E1002B1D52 /* OverlayPaywall */,
				CEBA3F702DF1C0D40021D1E5 /* Main */,
			);
			path = Screen;
			sourceTree = "<group>";
		};
		CEBA3F502DF1A6CD0021D1E5 /* Model */ = {
			isa = PBXGroup;
			children = (
				CEBA3F512DF1A6F10021D1E5 /* AppRouterModel.swift */,
				CEDC6BCB2DF39E5900770BBA /* AppError.swift */,
				CEC5BAE12DF4CEF2002B1D52 /* SettingsAlert.swift */,
			);
			path = Model;
			sourceTree = "<group>";
		};
		CEBA3F532DF1A7610021D1E5 /* Root */ = {
			isa = PBXGroup;
			children = (
				CEBA3F5A2DF1A7D70021D1E5 /* ViewModel */,
				CEBA3F572DF1A78F0021D1E5 /* Model */,
				CEBA3F542DF1A76A0021D1E5 /* View */,
			);
			path = Root;
			sourceTree = "<group>";
		};
		CEBA3F542DF1A76A0021D1E5 /* View */ = {
			isa = PBXGroup;
			children = (
				CEBA3F552DF1A77C0021D1E5 /* RootView.swift */,
			);
			path = View;
			sourceTree = "<group>";
		};
		CEBA3F572DF1A78F0021D1E5 /* Model */ = {
			isa = PBXGroup;
			children = (
				CEBA3F582DF1A7B10021D1E5 /* StartScreen.swift */,
			);
			path = Model;
			sourceTree = "<group>";
		};
		CEBA3F5A2DF1A7D70021D1E5 /* ViewModel */ = {
			isa = PBXGroup;
			children = (
				CEBA3F5B2DF1A7EE0021D1E5 /* RootViewModel.swift */,
			);
			path = ViewModel;
			sourceTree = "<group>";
		};
		CEBA3F652DF1B03F0021D1E5 /* Launch */ = {
			isa = PBXGroup;
			children = (
				CEBA3F662DF1B0780021D1E5 /* LaunchView.swift */,
			);
			path = Launch;
			sourceTree = "<group>";
		};
		CEBA3F682DF1BC2C0021D1E5 /* Onboarding */ = {
			isa = PBXGroup;
			children = (
				CEC5BAC92DF463EA002B1D52 /* Onboarding */,
				CEBA3F6C2DF1BCA00021D1E5 /* OnboardingPaywall */,
			);
			path = Onboarding;
			sourceTree = "<group>";
		};
		CEBA3F692DF1BC350021D1E5 /* View */ = {
			isa = PBXGroup;
			children = (
				CEDC6BB62DF3236900770BBA /* Components */,
				CEBA3F6A2DF1BC460021D1E5 /* OnboardingView.swift */,
			);
			path = View;
			sourceTree = "<group>";
		};
		CEBA3F6C2DF1BCA00021D1E5 /* OnboardingPaywall */ = {
			isa = PBXGroup;
			children = (
				CEDC6BD22DF3C02600770BBA /* ViewModel */,
				CEDC6BCF2DF3BC0200770BBA /* Model */,
				CEBA3F6F2DF1BCC80021D1E5 /* View */,
			);
			path = OnboardingPaywall;
			sourceTree = "<group>";
		};
		CEBA3F6F2DF1BCC80021D1E5 /* View */ = {
			isa = PBXGroup;
			children = (
				CEBA3F6D2DF1BCB20021D1E5 /* OnboardingPaywallView.swift */,
			);
			path = View;
			sourceTree = "<group>";
		};
		CEBA3F702DF1C0D40021D1E5 /* Main */ = {
			isa = PBXGroup;
			children = (
				CEBA3F802DF1CEF40021D1E5 /* MainTabBar */,
				CEBA3F7F2DF1CE620021D1E5 /* Settings */,
				CEBA3F7E2DF1CE5B0021D1E5 /* Camera */,
				CEBA3F7D2DF1CE4E0021D1E5 /* MyGarden */,
			);
			path = Main;
			sourceTree = "<group>";
		};
		CEBA3F712DF1C0E00021D1E5 /* View */ = {
			isa = PBXGroup;
			children = (
				CEBA3F722DF1C0F50021D1E5 /* MainTabBarView.swift */,
			);
			path = View;
			sourceTree = "<group>";
		};
		CEBA3F742DF1C8C20021D1E5 /* Modifier */ = {
			isa = PBXGroup;
			children = (
				CEBA3F752DF1C95D0021D1E5 /* BackgroundColor.swift */,
			);
			path = Modifier;
			sourceTree = "<group>";
		};
		CEBA3F772DF1CCA70021D1E5 /* ViewModel */ = {
			isa = PBXGroup;
			children = (
				CEBA3F782DF1CCBE0021D1E5 /* MainViewModel.swift */,
			);
			path = ViewModel;
			sourceTree = "<group>";
		};
		CEBA3F7A2DF1CDEC0021D1E5 /* Model */ = {
			isa = PBXGroup;
			children = (
				CEBA3F7B2DF1CE020021D1E5 /* TabModel.swift */,
			);
			path = Model;
			sourceTree = "<group>";
		};
		CEBA3F7D2DF1CE4E0021D1E5 /* MyGarden */ = {
			isa = PBXGroup;
			children = (
				CEBA3F902DF1DF0D0021D1E5 /* MyGarden */,
				CEBA3F8A2DF1DEA10021D1E5 /* Plants */,
				CEBA3F8B2DF1DEAA0021D1E5 /* History */,
			);
			path = MyGarden;
			sourceTree = "<group>";
		};
		CEBA3F7E2DF1CE5B0021D1E5 /* Camera */ = {
			isa = PBXGroup;
			children = (
				CEC5BB062DF75F33002B1D52 /* View */,
				CEC5BAFB2DF66245002B1D52 /* ViewModel */,
				CEC5BAF82DF6280E002B1D52 /* Components */,
			);
			path = Camera;
			sourceTree = "<group>";
		};
		CEBA3F7F2DF1CE620021D1E5 /* Settings */ = {
			isa = PBXGroup;
			children = (
				CEC5BADC2DF4BC6A002B1D52 /* ViewModel */,
				CEC5BADB2DF4BC5D002B1D52 /* View */,
				CEC5BAD62DF4BC03002B1D52 /* Model */,
			);
			path = Settings;
			sourceTree = "<group>";
		};
		CEBA3F802DF1CEF40021D1E5 /* MainTabBar */ = {
			isa = PBXGroup;
			children = (
				CEBA3F7A2DF1CDEC0021D1E5 /* Model */,
				CEBA3F772DF1CCA70021D1E5 /* ViewModel */,
				CEBA3F712DF1C0E00021D1E5 /* View */,
			);
			path = MainTabBar;
			sourceTree = "<group>";
		};
		CEBA3F872DF1DBEA0021D1E5 /* Helper */ = {
			isa = PBXGroup;
			children = (
				CEBA3F882DF1DC010021D1E5 /* Logger.swift */,
			);
			path = Helper;
			sourceTree = "<group>";
		};
		CEBA3F8A2DF1DEA10021D1E5 /* Plants */ = {
			isa = PBXGroup;
			children = (
				CEC5BAF12DF5C620002B1D52 /* View */,
				CEC5BAEE2DF5C364002B1D52 /* ViewModel */,
			);
			path = Plants;
			sourceTree = "<group>";
		};
		CEBA3F8B2DF1DEAA0021D1E5 /* History */ = {
			isa = PBXGroup;
			children = (
				CEC5BAF32DF5C631002B1D52 /* ViewModel */,
				CEC5BAF22DF5C62B002B1D52 /* View */,
			);
			path = History;
			sourceTree = "<group>";
		};
		CEBA3F902DF1DF0D0021D1E5 /* MyGarden */ = {
			isa = PBXGroup;
			children = (
				CEC5BAE92DF50AF6002B1D52 /* Model */,
				CEC5BAE82DF50AE5002B1D52 /* View */,
				CEC5BAE52DF50ABB002B1D52 /* ViewModel */,
			);
			path = MyGarden;
			sourceTree = "<group>";
		};
		CEC480BF2DF0DCC2007F88A4 = {
			isa = PBXGroup;
			children = (
				CEC480F52DF0DCCD007F88A4 /* MyGardenApp */,
				CEC480C92DF0DCC2007F88A4 /* Products */,
			);
			sourceTree = "<group>";
		};
		CEC480C92DF0DCC2007F88A4 /* Products */ = {
			isa = PBXGroup;
			children = (
				CEC480C82DF0DCC2007F88A4 /* MyGardenApp.app */,
			);
			name = Products;
			sourceTree = "<group>";
		};
		CEC480F52DF0DCCD007F88A4 /* MyGardenApp */ = {
			isa = PBXGroup;
			children = (
				CEC480F42DF0DCCD007F88A4 /* MyGardenAppApp.swift */,
				CEDC6BB92DF3285C00770BBA /* Service */,
				CEBA3F872DF1DBEA0021D1E5 /* Helper */,
				CE416A622DF22198001364C5 /* Extension */,
				CEBA3F502DF1A6CD0021D1E5 /* Model */,
				CEBA3F4F2DF1A6B30021D1E5 /* Screen */,
				CE416A6E2DF23128001364C5 /* Font */,
				CEBA3F632DF1AB4D0021D1E5 /* Launch Screen.storyboard */,
				CE416A6B2DF23047001364C5 /* Info.plist */,
				CEC5BB0F2DF761C5002B1D52 /* plantsProgress.gif */,
				CEC480F22DF0DCCD007F88A4 /* Assets.xcassets */,
			);
			path = MyGardenApp;
			sourceTree = "<group>";
		};
		CEC5BAC92DF463EA002B1D52 /* Onboarding */ = {
			isa = PBXGroup;
			children = (
				CE416A682DF22C13001364C5 /* ViewModel */,
				CE416A652DF224A4001364C5 /* Model */,
				CEBA3F692DF1BC350021D1E5 /* View */,
			);
			path = Onboarding;
			sourceTree = "<group>";
		};
		CEC5BACA2DF464E1002B1D52 /* OverlayPaywall */ = {
			isa = PBXGroup;
			children = (
				CEC5BACD2DF46602002B1D52 /* Model */,
				CEC5BACC2DF465FB002B1D52 /* ViewModel */,
				CEC5BACB2DF465F5002B1D52 /* View */,
			);
			path = OverlayPaywall;
			sourceTree = "<group>";
		};
		CEC5BACB2DF465F5002B1D52 /* View */ = {
			isa = PBXGroup;
			children = (
				CEC5BAD02DF46748002B1D52 /* OverlayPaywallView.swift */,
			);
			path = View;
			sourceTree = "<group>";
		};
		CEC5BACC2DF465FB002B1D52 /* ViewModel */ = {
			isa = PBXGroup;
			children = (
				CEC5BAD22DF4675D002B1D52 /* OverlayPaywallViewModel.swift */,
			);
			path = ViewModel;
			sourceTree = "<group>";
		};
		CEC5BACD2DF46602002B1D52 /* Model */ = {
			isa = PBXGroup;
			children = (
				CEC5BACE2DF46677002B1D52 /* OverlayPaywallContentModel.swift */,
			);
			path = Model;
			sourceTree = "<group>";
		};
		CEC5BAD62DF4BC03002B1D52 /* Model */ = {
			isa = PBXGroup;
			children = (
				CEC5BAD72DF4BC19002B1D52 /* SettingsContentModel.swift */,
			);
			path = Model;
			sourceTree = "<group>";
		};
		CEC5BADB2DF4BC5D002B1D52 /* View */ = {
			isa = PBXGroup;
			children = (
				CEBA3F812DF1CF3F0021D1E5 /* SettingsView.swift */,
			);
			path = View;
			sourceTree = "<group>";
		};
		CEC5BADC2DF4BC6A002B1D52 /* ViewModel */ = {
			isa = PBXGroup;
			children = (
				CEC5BADD2DF4BC7A002B1D52 /* SettingsViewModel.swift */,
			);
			path = ViewModel;
			sourceTree = "<group>";
		};
		CEC5BAE52DF50ABB002B1D52 /* ViewModel */ = {
			isa = PBXGroup;
			children = (
				CEC5BAE62DF50ACF002B1D52 /* MyGardenViewModel.swift */,
			);
			path = ViewModel;
			sourceTree = "<group>";
		};
		CEC5BAE82DF50AE5002B1D52 /* View */ = {
			isa = PBXGroup;
			children = (
				CEBA3F852DF1CF630021D1E5 /* MyGardenView.swift */,
			);
			path = View;
			sourceTree = "<group>";
		};
		CEC5BAE92DF50AF6002B1D52 /* Model */ = {
			isa = PBXGroup;
			children = (
				CEC5BAEA2DF50B0A002B1D52 /* MyGardenTab.swift */,
			);
			path = Model;
			sourceTree = "<group>";
		};
		CEC5BAEE2DF5C364002B1D52 /* ViewModel */ = {
			isa = PBXGroup;
			children = (
				CEC5BAEF2DF5C375002B1D52 /* PlantsViewModel.swift */,
			);
			path = ViewModel;
			sourceTree = "<group>";
		};
		CEC5BAF12DF5C620002B1D52 /* View */ = {
			isa = PBXGroup;
			children = (
				CEBA3F8C2DF1DEC70021D1E5 /* PlantsView.swift */,
			);
			path = View;
			sourceTree = "<group>";
		};
		CEC5BAF22DF5C62B002B1D52 /* View */ = {
			isa = PBXGroup;
			children = (
				CEBA3F8E2DF1DED60021D1E5 /* HistoryView.swift */,
			);
			path = View;
			sourceTree = "<group>";
		};
		CEC5BAF32DF5C631002B1D52 /* ViewModel */ = {
			isa = PBXGroup;
			children = (
				CEC5BAF42DF5C648002B1D52 /* HistoryViewModel.swift */,
			);
			path = ViewModel;
			sourceTree = "<group>";
		};
		CEC5BAF82DF6280E002B1D52 /* Components */ = {
			isa = PBXGroup;
			children = (
				CEC5BAF92DF62834002B1D52 /* CameraPreviewView.swift */,
				CEC5BAFE2DF67606002B1D52 /* CameraCaptureView.swift */,
				CEC5BB042DF753EE002B1D52 /* CameraPhotoReviewView.swift */,
			);
			path = Components;
			sourceTree = "<group>";
		};
		CEC5BAFB2DF66245002B1D52 /* ViewModel */ = {
			isa = PBXGroup;
			children = (
				CEC5BAFC2DF66259002B1D52 /* CameraViewModel.swift */,
			);
			path = ViewModel;
			sourceTree = "<group>";
		};
		CEC5BB062DF75F33002B1D52 /* View */ = {
			isa = PBXGroup;
			children = (
				CEBA3F832DF1CF4E0021D1E5 /* CameraView.swift */,
			);
			path = View;
			sourceTree = "<group>";
		};
		CEC5BB0C2DF761A3002B1D52 /* Identification */ = {
			isa = PBXGroup;
			children = (
				CEC5BB0D2DF761B4002B1D52 /* IdentificationView.swift */,
			);
			path = Identification;
			sourceTree = "<group>";
		};
		CEC5BB152DF76DFD002B1D52 /* Network */ = {
			isa = PBXGroup;
			children = (
				CEC5BB1F2DF84EF9002B1D52 /* Model */,
				CEC5BB162DF76E18002B1D52 /* NetworkService.swift */,
			);
			path = Network;
			sourceTree = "<group>";
		};
		CEC5BB1F2DF84EF9002B1D52 /* Model */ = {
			isa = PBXGroup;
			children = (
				CEC5BB1D2DF7BF0C002B1D52 /* APIResponse.swift */,
				CEC5BB202DF84F4F002B1D52 /* IdentificationResult.swift */,
				CEC5BB222DF84FD0002B1D52 /* HealthResult.swift */,
			);
			path = Model;
			sourceTree = "<group>";
		};
		CEDC6BB62DF3236900770BBA /* Components */ = {
			isa = PBXGroup;
			children = (
				CEDC6BB72DF3239200770BBA /* OnboardingPageView.swift */,
			);
			path = Components;
			sourceTree = "<group>";
		};
		CEDC6BB92DF3285C00770BBA /* Service */ = {
			isa = PBXGroup;
			children = (
				CEC5BB152DF76DFD002B1D52 /* Network */,
				CEDC6BBC2DF35EC900770BBA /* PurchaseService */,
				CEDC6BBA2DF3287C00770BBA /* UserDefaultsService.swift */,
				CEDC6BC92DF382A300770BBA /* AppInteractionService.swift */,
				CEC5BAD42DF47041002B1D52 /* PaywallCoordinator.swift */,
				CEC5BAF62DF6242A002B1D52 /* CameraService.swift */,
			);
			path = Service;
			sourceTree = "<group>";
		};
		CEDC6BBC2DF35EC900770BBA /* PurchaseService */ = {
			isa = PBXGroup;
			children = (
				CEDC6BBD2DF35F0600770BBA /* PurchaseService.swift */,
				CEDC6BBF2DF3634900770BBA /* MockPurchaseModel.swift */,
			);
			path = PurchaseService;
			sourceTree = "<group>";
		};
		CEDC6BCF2DF3BC0200770BBA /* Model */ = {
			isa = PBXGroup;
			children = (
				CEDC6BD02DF3BC1600770BBA /* OnboardingPaywallContentModel.swift */,
			);
			path = Model;
			sourceTree = "<group>";
		};
		CEDC6BD22DF3C02600770BBA /* ViewModel */ = {
			isa = PBXGroup;
			children = (
				CEDC6BD32DF3C03F00770BBA /* OnboardingPaywallViewModel.swift */,
			);
			path = ViewModel;
			sourceTree = "<group>";
		};
/* End PBXGroup section */

/* Begin PBXNativeTarget section */
		CEC480C72DF0DCC2007F88A4 /* MyGardenApp */ = {
			isa = PBXNativeTarget;
			buildConfigurationList = CEC480E92DF0DCC5007F88A4 /* Build configuration list for PBXNativeTarget "MyGardenApp" */;
			buildPhases = (
				CEC480C42DF0DCC2007F88A4 /* Sources */,
				CEC480C52DF0DCC2007F88A4 /* Frameworks */,
				CEC480C62DF0DCC2007F88A4 /* Resources */,
			);
			buildRules = (
			);
			dependencies = (
			);
			name = MyGardenApp;
			packageProductDependencies = (
				CEBA3F4D2DF1A6350021D1E5 /* NavigationBackport */,
				CEC5BB192DF78412002B1D52 /* Alamofire */,
			);
			productName = MyGardenApp;
			productReference = CEC480C82DF0DCC2007F88A4 /* MyGardenApp.app */;
			productType = "com.apple.product-type.application";
		};
/* End PBXNativeTarget section */

/* Begin PBXProject section */
		CEC480C02DF0DCC2007F88A4 /* Project object */ = {
			isa = PBXProject;
			attributes = {
				BuildIndependentTargetsInParallel = 1;
				LastSwiftUpdateCheck = 1630;
				LastUpgradeCheck = 1630;
				TargetAttributes = {
					CEC480C72DF0DCC2007F88A4 = {
						CreatedOnToolsVersion = 16.3;
					};
				};
			};
			buildConfigurationList = CEC480C32DF0DCC2007F88A4 /* Build configuration list for PBXProject "MyGardenApp" */;
			developmentRegion = en;
			hasScannedForEncodings = 0;
			knownRegions = (
				en,
				Base,
			);
			mainGroup = CEC480BF2DF0DCC2007F88A4;
			minimizedProjectReferenceProxies = 1;
			packageReferences = (
				CEBA3F4C2DF1A6350021D1E5 /* XCRemoteSwiftPackageReference "NavigationBackport" */,
				CEC5BB182DF78412002B1D52 /* XCRemoteSwiftPackageReference "Alamofire" */,
			);
			preferredProjectObjectVersion = 77;
			productRefGroup = CEC480C92DF0DCC2007F88A4 /* Products */;
			projectDirPath = "";
			projectRoot = "";
			targets = (
				CEC480C72DF0DCC2007F88A4 /* MyGardenApp */,
			);
		};
/* End PBXProject section */

/* Begin PBXResourcesBuildPhase section */
		CEC480C62DF0DCC2007F88A4 /* Resources */ = {
			isa = PBXResourcesBuildPhase;
			buildActionMask = 2147483647;
			files = (
				CEBA3F642DF1AB4D0021D1E5 /* Launch Screen.storyboard in Resources */,
				CE416A722DF2314B001364C5 /* Onest-Regular.ttf in Resources */,
				CEC480F82DF0DCCD007F88A4 /* Assets.xcassets in Resources */,
				CE416A702DF2313E001364C5 /* Onest-SemiBold.ttf in Resources */,
				CEC5BB102DF761C5002B1D52 /* plantsProgress.gif in Resources */,
			);
			runOnlyForDeploymentPostprocessing = 0;
		};
/* End PBXResourcesBuildPhase section */

/* Begin PBXSourcesBuildPhase section */
		CEC480C42DF0DCC2007F88A4 /* Sources */ = {
			isa = PBXSourcesBuildPhase;
			buildActionMask = 2147483647;
			files = (
				CEDC6BCC2DF39E5900770BBA /* AppError.swift in Sources */,
				CEC5BAC82DF45A1D002B1D52 /* DismissButtonView.swift in Sources */,
				CEC5BB232DF84FD0002B1D52 /* HealthResult.swift in Sources */,
				CEBA3F562DF1A77C0021D1E5 /* RootView.swift in Sources */,
				CEDC6BCA2DF382A300770BBA /* AppInteractionService.swift in Sources */,
				CEDC6BC02DF3634900770BBA /* MockPurchaseModel.swift in Sources */,
				CEBA3F842DF1CF4E0021D1E5 /* CameraView.swift in Sources */,
				CEC5BAF52DF5C648002B1D52 /* HistoryViewModel.swift in Sources */,
				CEDC6BD42DF3C03F00770BBA /* OnboardingPaywallViewModel.swift in Sources */,
				CEC5BB142DF76D3F002B1D52 /* LoadingView.swift in Sources */,
				CEBA3F732DF1C0F50021D1E5 /* MainTabBarView.swift in Sources */,
				CEC5BB172DF76E18002B1D52 /* NetworkService.swift in Sources */,
				CEC5BAEB2DF50B0A002B1D52 /* MyGardenTab.swift in Sources */,
				CEBA3F6E2DF1BCB20021D1E5 /* OnboardingPaywallView.swift in Sources */,
				CEC5BAFF2DF67606002B1D52 /* CameraCaptureView.swift in Sources */,
				CEBA3F672DF1B0780021D1E5 /* LaunchView.swift in Sources */,
				CEC5BACF2DF46677002B1D52 /* OverlayPaywallContentModel.swift in Sources */,
				CEC5BAE02DF4C08E002B1D52 /* ActivityView.swift in Sources */,
				CE416A672DF224BE001364C5 /* OnboardingPageModel.swift in Sources */,
				CEC5BAF02DF5C375002B1D52 /* PlantsViewModel.swift in Sources */,
				CEC5BADE2DF4BC7A002B1D52 /* SettingsViewModel.swift in Sources */,
				CEDC6BB82DF3239200770BBA /* OnboardingPageView.swift in Sources */,
				CEDC6BC82DF37AA800770BBA /* ProgressButton.swift in Sources */,
				CEDC6BBB2DF3287C00770BBA /* UserDefaultsService.swift in Sources */,
				CEC5BB012DF71F47002B1D52 /* CircleButton.swift in Sources */,
				CEC5BB052DF753EE002B1D52 /* CameraPhotoReviewView.swift in Sources */,
				CEC5BB122DF76853002B1D52 /* GifView.swift in Sources */,
				CEC5BAED2DF5BD54002B1D52 /* MyGardenEmptyView.swift in Sources */,
				CEBA3F592DF1A7B10021D1E5 /* StartScreen.swift in Sources */,
				CEDC6BB52DF31F5B00770BBA /* ActionFooterView.swift in Sources */,
				CEBA3F522DF1A6F10021D1E5 /* AppRouterModel.swift in Sources */,
				CEBA3F8F2DF1DED60021D1E5 /* HistoryView.swift in Sources */,
				CEC5BAFD2DF66259002B1D52 /* CameraViewModel.swift in Sources */,
				CEBA3F892DF1DC010021D1E5 /* Logger.swift in Sources */,
				CEC5BB1C2DF78FDC002B1D52 /* String+ext.swift in Sources */,
				CEBA3F5C2DF1A7EE0021D1E5 /* RootViewModel.swift in Sources */,
				CEBA3F762DF1C95D0021D1E5 /* BackgroundColor.swift in Sources */,
				CEC5BAE72DF50ACF002B1D52 /* MyGardenViewModel.swift in Sources */,
				CEC480F72DF0DCCD007F88A4 /* MyGardenAppApp.swift in Sources */,
				CE416A642DF221B8001364C5 /* View+ext.swift in Sources */,
				CEC5BB212DF84F4F002B1D52 /* IdentificationResult.swift in Sources */,
				CEC5BB0E2DF761B4002B1D52 /* IdentificationView.swift in Sources */,
				CEBA3F7C2DF1CE020021D1E5 /* TabModel.swift in Sources */,
				CEBA3F862DF1CF630021D1E5 /* MyGardenView.swift in Sources */,
				CEC5BAD12DF46748002B1D52 /* OverlayPaywallView.swift in Sources */,
				CEC5BAD82DF4BC19002B1D52 /* SettingsContentModel.swift in Sources */,
				CEDC6BCE2DF39FA500770BBA /* View+ErrorAlert.swift in Sources */,
				CE416A6D2DF230BF001364C5 /* Font+ext.swift in Sources */,
				CEBA3F6B2DF1BC460021D1E5 /* OnboardingView.swift in Sources */,
				CEC5BAD52DF47041002B1D52 /* PaywallCoordinator.swift in Sources */,
				CEC5BAE22DF4CEF2002B1D52 /* SettingsAlert.swift in Sources */,
				CEC5BB1E2DF7BF0C002B1D52 /* APIResponse.swift in Sources */,
				CEC5BAF72DF6242A002B1D52 /* CameraService.swift in Sources */,
				CEC5BAFA2DF62834002B1D52 /* CameraPreviewView.swift in Sources */,
				CEDC6BD12DF3BC1600770BBA /* OnboardingPaywallContentModel.swift in Sources */,
				CEC5BB032DF75393002B1D52 /* CommonButton.swift in Sources */,
				CEC5BAD32DF4675D002B1D52 /* OverlayPaywallViewModel.swift in Sources */,
				CEC5BADA2DF4BC44002B1D52 /* NavigationBarWithTitle.swift in Sources */,
				CEBA3F792DF1CCBE0021D1E5 /* MainViewModel.swift in Sources */,
				CEDC6BBE2DF35F0600770BBA /* PurchaseService.swift in Sources */,
				CEBA3F822DF1CF3F0021D1E5 /* SettingsView.swift in Sources */,
				CE416A6A2DF22C2B001364C5 /* OnboardingViewModel.swift in Sources */,
				CEC5BAE42DF4CF96002B1D52 /* View+SettingsAlert.swift in Sources */,
				CEBA3F8D2DF1DEC70021D1E5 /* PlantsView.swift in Sources */,
			);
			runOnlyForDeploymentPostprocessing = 0;
		};
/* End PBXSourcesBuildPhase section */

/* Begin XCBuildConfiguration section */
		CEC480E72DF0DCC5007F88A4 /* Debug */ = {
			isa = XCBuildConfiguration;
			buildSettings = {
				ALWAYS_SEARCH_USER_PATHS = NO;
				ASSETCATALOG_COMPILER_GENERATE_SWIFT_ASSET_SYMBOL_EXTENSIONS = YES;
				CLANG_ANALYZER_NONNULL = YES;
				CLANG_ANALYZER_NUMBER_OBJECT_CONVERSION = YES_AGGRESSIVE;
				CLANG_CXX_LANGUAGE_STANDARD = "gnu++20";
				CLANG_ENABLE_MODULES = YES;
				CLANG_ENABLE_OBJC_ARC = YES;
				CLANG_ENABLE_OBJC_WEAK = YES;
				CLANG_WARN_BLOCK_CAPTURE_AUTORELEASING = YES;
				CLANG_WARN_BOOL_CONVERSION = YES;
				CLANG_WARN_COMMA = YES;
				CLANG_WARN_CONSTANT_CONVERSION = YES;
				CLANG_WARN_DEPRECATED_OBJC_IMPLEMENTATIONS = YES;
				CLANG_WARN_DIRECT_OBJC_ISA_USAGE = YES_ERROR;
				CLANG_WARN_DOCUMENTATION_COMMENTS = YES;
				CLANG_WARN_EMPTY_BODY = YES;
				CLANG_WARN_ENUM_CONVERSION = YES;
				CLANG_WARN_INFINITE_RECURSION = YES;
				CLANG_WARN_INT_CONVERSION = YES;
				CLANG_WARN_NON_LITERAL_NULL_CONVERSION = YES;
				CLANG_WARN_OBJC_IMPLICIT_RETAIN_SELF = YES;
				CLANG_WARN_OBJC_LITERAL_CONVERSION = YES;
				CLANG_WARN_OBJC_ROOT_CLASS = YES_ERROR;
				CLANG_WARN_QUOTED_INCLUDE_IN_FRAMEWORK_HEADER = YES;
				CLANG_WARN_RANGE_LOOP_ANALYSIS = YES;
				CLANG_WARN_STRICT_PROTOTYPES = YES;
				CLANG_WARN_SUSPICIOUS_MOVE = YES;
				CLANG_WARN_UNGUARDED_AVAILABILITY = YES_AGGRESSIVE;
				CLANG_WARN_UNREACHABLE_CODE = YES;
				CLANG_WARN__DUPLICATE_METHOD_MATCH = YES;
				COPY_PHASE_STRIP = NO;
				DEBUG_INFORMATION_FORMAT = dwarf;
				DEVELOPMENT_TEAM = Q5L7D25SC3;
				ENABLE_STRICT_OBJC_MSGSEND = YES;
				ENABLE_TESTABILITY = YES;
				ENABLE_USER_SCRIPT_SANDBOXING = YES;
				GCC_C_LANGUAGE_STANDARD = gnu17;
				GCC_DYNAMIC_NO_PIC = NO;
				GCC_NO_COMMON_BLOCKS = YES;
				GCC_OPTIMIZATION_LEVEL = 0;
				GCC_PREPROCESSOR_DEFINITIONS = (
					"DEBUG=1",
					"$(inherited)",
				);
				GCC_WARN_64_TO_32_BIT_CONVERSION = YES;
				GCC_WARN_ABOUT_RETURN_TYPE = YES_ERROR;
				GCC_WARN_UNDECLARED_SELECTOR = YES;
				GCC_WARN_UNINITIALIZED_AUTOS = YES_AGGRESSIVE;
				GCC_WARN_UNUSED_FUNCTION = YES;
				GCC_WARN_UNUSED_VARIABLE = YES;
				IPHONEOS_DEPLOYMENT_TARGET = 18.4;
				LOCALIZATION_PREFERS_STRING_CATALOGS = YES;
				MTL_ENABLE_DEBUG_INFO = INCLUDE_SOURCE;
				MTL_FAST_MATH = YES;
				ONLY_ACTIVE_ARCH = YES;
				SDKROOT = iphoneos;
				SWIFT_ACTIVE_COMPILATION_CONDITIONS = "DEBUG $(inherited)";
				SWIFT_OPTIMIZATION_LEVEL = "-Onone";
			};
			name = Debug;
		};
		CEC480E82DF0DCC5007F88A4 /* Release */ = {
			isa = XCBuildConfiguration;
			buildSettings = {
				ALWAYS_SEARCH_USER_PATHS = NO;
				ASSETCATALOG_COMPILER_GENERATE_SWIFT_ASSET_SYMBOL_EXTENSIONS = YES;
				CLANG_ANALYZER_NONNULL = YES;
				CLANG_ANALYZER_NUMBER_OBJECT_CONVERSION = YES_AGGRESSIVE;
				CLANG_CXX_LANGUAGE_STANDARD = "gnu++20";
				CLANG_ENABLE_MODULES = YES;
				CLANG_ENABLE_OBJC_ARC = YES;
				CLANG_ENABLE_OBJC_WEAK = YES;
				CLANG_WARN_BLOCK_CAPTURE_AUTORELEASING = YES;
				CLANG_WARN_BOOL_CONVERSION = YES;
				CLANG_WARN_COMMA = YES;
				CLANG_WARN_CONSTANT_CONVERSION = YES;
				CLANG_WARN_DEPRECATED_OBJC_IMPLEMENTATIONS = YES;
				CLANG_WARN_DIRECT_OBJC_ISA_USAGE = YES_ERROR;
				CLANG_WARN_DOCUMENTATION_COMMENTS = YES;
				CLANG_WARN_EMPTY_BODY = YES;
				CLANG_WARN_ENUM_CONVERSION = YES;
				CLANG_WARN_INFINITE_RECURSION = YES;
				CLANG_WARN_INT_CONVERSION = YES;
				CLANG_WARN_NON_LITERAL_NULL_CONVERSION = YES;
				CLANG_WARN_OBJC_IMPLICIT_RETAIN_SELF = YES;
				CLANG_WARN_OBJC_LITERAL_CONVERSION = YES;
				CLANG_WARN_OBJC_ROOT_CLASS = YES_ERROR;
				CLANG_WARN_QUOTED_INCLUDE_IN_FRAMEWORK_HEADER = YES;
				CLANG_WARN_RANGE_LOOP_ANALYSIS = YES;
				CLANG_WARN_STRICT_PROTOTYPES = YES;
				CLANG_WARN_SUSPICIOUS_MOVE = YES;
				CLANG_WARN_UNGUARDED_AVAILABILITY = YES_AGGRESSIVE;
				CLANG_WARN_UNREACHABLE_CODE = YES;
				CLANG_WARN__DUPLICATE_METHOD_MATCH = YES;
				COPY_PHASE_STRIP = NO;
				DEBUG_INFORMATION_FORMAT = "dwarf-with-dsym";
				DEVELOPMENT_TEAM = Q5L7D25SC3;
				ENABLE_NS_ASSERTIONS = NO;
				ENABLE_STRICT_OBJC_MSGSEND = YES;
				ENABLE_USER_SCRIPT_SANDBOXING = YES;
				GCC_C_LANGUAGE_STANDARD = gnu17;
				GCC_NO_COMMON_BLOCKS = YES;
				GCC_WARN_64_TO_32_BIT_CONVERSION = YES;
				GCC_WARN_ABOUT_RETURN_TYPE = YES_ERROR;
				GCC_WARN_UNDECLARED_SELECTOR = YES;
				GCC_WARN_UNINITIALIZED_AUTOS = YES_AGGRESSIVE;
				GCC_WARN_UNUSED_FUNCTION = YES;
				GCC_WARN_UNUSED_VARIABLE = YES;
				IPHONEOS_DEPLOYMENT_TARGET = 18.4;
				LOCALIZATION_PREFERS_STRING_CATALOGS = YES;
				MTL_ENABLE_DEBUG_INFO = NO;
				MTL_FAST_MATH = YES;
				SDKROOT = iphoneos;
				SWIFT_COMPILATION_MODE = wholemodule;
				VALIDATE_PRODUCT = YES;
			};
			name = Release;
		};
		CEC480EA2DF0DCC5007F88A4 /* Debug */ = {
			isa = XCBuildConfiguration;
			buildSettings = {
				ASSETCATALOG_COMPILER_APPICON_NAME = AppIcon;
				ASSETCATALOG_COMPILER_GLOBAL_ACCENT_COLOR_NAME = AccentColor;
				CODE_SIGN_STYLE = Automatic;
				CURRENT_PROJECT_VERSION = 1;
				DEVELOPMENT_TEAM = Q5L7D25SC3;
				ENABLE_PREVIEWS = YES;
				GENERATE_INFOPLIST_FILE = YES;
				INFOPLIST_FILE = MyGardenApp/Info.plist;
				INFOPLIST_KEY_UIApplicationSceneManifest_Generation = YES;
				INFOPLIST_KEY_UIApplicationSupportsIndirectInputEvents = YES;
				INFOPLIST_KEY_UILaunchScreen_Generation = YES;
				INFOPLIST_KEY_UILaunchStoryboardName = "Launch Screen";
				INFOPLIST_KEY_UISupportedInterfaceOrientations = UIInterfaceOrientationPortrait;
				INFOPLIST_KEY_UISupportedInterfaceOrientations_iPad = "UIInterfaceOrientationLandscapeLeft UIInterfaceOrientationLandscapeRight UIInterfaceOrientationPortrait UIInterfaceOrientationPortraitUpsideDown";
				IPHONEOS_DEPLOYMENT_TARGET = 15.0;
				LD_RUNPATH_SEARCH_PATHS = (
					"$(inherited)",
					"@executable_path/Frameworks",
				);
				MARKETING_VERSION = 1.0;
				PRODUCT_BUNDLE_IDENTIFIER = com.pavel.MyGardenApp;
				PRODUCT_NAME = "$(TARGET_NAME)";
				SUPPORTED_PLATFORMS = "iphoneos iphonesimulator";
				SUPPORTS_MACCATALYST = NO;
				SUPPORTS_MAC_DESIGNED_FOR_IPHONE_IPAD = NO;
				SUPPORTS_XR_DESIGNED_FOR_IPHONE_IPAD = NO;
				SWIFT_EMIT_LOC_STRINGS = YES;
				SWIFT_VERSION = 5.0;
				TARGETED_DEVICE_FAMILY = 1;
			};
			name = Debug;
		};
		CEC480EB2DF0DCC5007F88A4 /* Release */ = {
			isa = XCBuildConfiguration;
			buildSettings = {
				ASSETCATALOG_COMPILER_APPICON_NAME = AppIcon;
				ASSETCATALOG_COMPILER_GLOBAL_ACCENT_COLOR_NAME = AccentColor;
				CODE_SIGN_STYLE = Automatic;
				CURRENT_PROJECT_VERSION = 1;
				DEVELOPMENT_TEAM = Q5L7D25SC3;
				ENABLE_PREVIEWS = YES;
				GENERATE_INFOPLIST_FILE = YES;
				INFOPLIST_FILE = MyGardenApp/Info.plist;
				INFOPLIST_KEY_UIApplicationSceneManifest_Generation = YES;
				INFOPLIST_KEY_UIApplicationSupportsIndirectInputEvents = YES;
				INFOPLIST_KEY_UILaunchScreen_Generation = YES;
				INFOPLIST_KEY_UILaunchStoryboardName = "Launch Screen";
				INFOPLIST_KEY_UISupportedInterfaceOrientations = UIInterfaceOrientationPortrait;
				INFOPLIST_KEY_UISupportedInterfaceOrientations_iPad = "UIInterfaceOrientationLandscapeLeft UIInterfaceOrientationLandscapeRight UIInterfaceOrientationPortrait UIInterfaceOrientationPortraitUpsideDown";
				IPHONEOS_DEPLOYMENT_TARGET = 15.0;
				LD_RUNPATH_SEARCH_PATHS = (
					"$(inherited)",
					"@executable_path/Frameworks",
				);
				MARKETING_VERSION = 1.0;
				PRODUCT_BUNDLE_IDENTIFIER = com.pavel.MyGardenApp;
				PRODUCT_NAME = "$(TARGET_NAME)";
				SUPPORTED_PLATFORMS = "iphoneos iphonesimulator";
				SUPPORTS_MACCATALYST = NO;
				SUPPORTS_MAC_DESIGNED_FOR_IPHONE_IPAD = NO;
				SUPPORTS_XR_DESIGNED_FOR_IPHONE_IPAD = NO;
				SWIFT_EMIT_LOC_STRINGS = YES;
				SWIFT_VERSION = 5.0;
				TARGETED_DEVICE_FAMILY = 1;
			};
			name = Release;
		};
/* End XCBuildConfiguration section */

/* Begin XCConfigurationList section */
		CEC480C32DF0DCC2007F88A4 /* Build configuration list for PBXProject "MyGardenApp" */ = {
			isa = XCConfigurationList;
			buildConfigurations = (
				CEC480E72DF0DCC5007F88A4 /* Debug */,
				CEC480E82DF0DCC5007F88A4 /* Release */,
			);
			defaultConfigurationIsVisible = 0;
			defaultConfigurationName = Release;
		};
		CEC480E92DF0DCC5007F88A4 /* Build configuration list for PBXNativeTarget "MyGardenApp" */ = {
			isa = XCConfigurationList;
			buildConfigurations = (
				CEC480EA2DF0DCC5007F88A4 /* Debug */,
				CEC480EB2DF0DCC5007F88A4 /* Release */,
			);
			defaultConfigurationIsVisible = 0;
			defaultConfigurationName = Release;
		};
/* End XCConfigurationList section */

/* Begin XCRemoteSwiftPackageReference section */
		CEBA3F4C2DF1A6350021D1E5 /* XCRemoteSwiftPackageReference "NavigationBackport" */ = {
			isa = XCRemoteSwiftPackageReference;
			repositoryURL = "https://github.com/johnpatrickmorgan/NavigationBackport";
			requirement = {
				kind = upToNextMajorVersion;
				minimumVersion = 0.11.3;
			};
		};
		CEC5BB182DF78412002B1D52 /* XCRemoteSwiftPackageReference "Alamofire" */ = {
			isa = XCRemoteSwiftPackageReference;
			repositoryURL = "https://github.com/Alamofire/Alamofire.git";
			requirement = {
				kind = upToNextMajorVersion;
				minimumVersion = 5.10.2;
			};
		};
/* End XCRemoteSwiftPackageReference section */

/* Begin XCSwiftPackageProductDependency section */
		CEBA3F4D2DF1A6350021D1E5 /* NavigationBackport */ = {
			isa = XCSwiftPackageProductDependency;
			package = CEBA3F4C2DF1A6350021D1E5 /* XCRemoteSwiftPackageReference "NavigationBackport" */;
			productName = NavigationBackport;
		};
		CEC5BB192DF78412002B1D52 /* Alamofire */ = {
			isa = XCSwiftPackageProductDependency;
			package = CEC5BB182DF78412002B1D52 /* XCRemoteSwiftPackageReference "Alamofire" */;
			productName = Alamofire;
		};
/* End XCSwiftPackageProductDependency section */
	};
	rootObject = CEC480C02DF0DCC2007F88A4 /* Project object */;
}
